
Microsoft Visual Studio Solution File, Format Version 12.00
# Visual Studio Version 17
VisualStudioVersion = 17.2.32630.192
MinimumVisualStudioVersion = 10.0.40219.1
Project("{FAE04EC0-301F-11D3-BF4B-00C04F79EFBC}") = "StampbuttonwithImage", "StampbuttonwithImage.csproj", "{DF7330C5-20E4-4F0E-BD11-D69826917F07}"
EndProject
Global
	GlobalSection(SolutionConfigurationPlatforms) = preSolution
		Debug|Any CPU = Debug|Any CPU
		Release|Any CPU = Release|Any CPU
	EndGlobalSection
	GlobalSection(ProjectConfigurationPlatforms) = postSolution
		{DF7330C5-20E4-4F0E-BD11-D69826917F07}.Debug|Any CPU.ActiveCfg = Debug|Any CPU
		{DF7330C5-20E4-4F0E-BD11-D69826917F07}.Debug|Any CPU.Build.0 = Debug|Any CPU
		{DF7330C5-20E4-4F0E-BD11-D69826917F07}.Release|Any CPU.ActiveCfg = Release|Any CPU
		{DF7330C5-20E4-4F0E-BD11-D69826917F07}.Release|Any CPU.Build.0 = Release|Any CPU
	EndGlobalSection
	GlobalSection(SolutionProperties) = preSolution
		HideSolutionNode = FALSE
	EndGlobalSection
	GlobalSection(ExtensibilityGlobals) = postSolution
		SolutionGuid = {2D054246-9BCD-498A-A8BB-3F5AB5EADE55}
	EndGlobalSection
EndGlobal
