Microsoft Visual Studio Solution File, Format Version 12.00
# Visual Studio Version 17
VisualStudioVersion = 17.5.2.0
MinimumVisualStudioVersion = 10.0.40219.1
Project("{FAE04EC0-301F-11D3-BF4B-00C04F79EFBC}") = "Rearrange-Default-Options", "Rearrange-Default-Options.csproj", "{9899DF55-B831-E53C-536D-C735643EA692}"
EndProject
Global
	GlobalSection(SolutionConfigurationPlatforms) = preSolution
		Debug|Any CPU = Debug|Any CPU
		Release|Any CPU = Release|Any CPU
	EndGlobalSection
	GlobalSection(ProjectConfigurationPlatforms) = postSolution
		{9899DF55-B831-E53C-536D-C735643EA692}.Debug|Any CPU.ActiveCfg = Debug|Any CPU
		{9899DF55-B831-E53C-536D-C735643EA692}.Debug|Any CPU.Build.0 = Debug|Any CPU
		{9899DF55-B831-E53C-536D-C735643EA692}.Release|Any CPU.ActiveCfg = Release|Any CPU
		{9899DF55-B831-E53C-536D-C735643EA692}.Release|Any CPU.Build.0 = Release|Any CPU
	EndGlobalSection
	GlobalSection(SolutionProperties) = preSolution
		HideSolutionNode = FALSE
	EndGlobalSection
	GlobalSection(ExtensibilityGlobals) = postSolution
		SolutionGuid = {99ED1E22-A9F3-4FE6-883F-441B1212F8CD}
	EndGlobalSection
EndGlobal
