
Microsoft Visual Studio Solution File, Format Version 12.00
# Visual Studio Version 17
VisualStudioVersion = 17.2.32630.192
MinimumVisualStudioVersion = 10.0.40219.1
Project("{FAE04EC0-301F-11D3-BF4B-00C04F79EFBC}") = "ExportAnnotation", "ExportAnnotation.csproj", "{D22D2CD8-1571-4B49-8696-191D591E5DFA}"
EndProject
Global
	GlobalSection(SolutionConfigurationPlatforms) = preSolution
		Debug|Any CPU = Debug|Any CPU
		Release|Any CPU = Release|Any CPU
	EndGlobalSection
	GlobalSection(ProjectConfigurationPlatforms) = postSolution
		{D22D2CD8-1571-4B49-8696-191D591E5DFA}.Debug|Any CPU.ActiveCfg = Debug|Any CPU
		{D22D2CD8-1571-4B49-8696-191D591E5DFA}.Debug|Any CPU.Build.0 = Debug|Any CPU
		{D22D2CD8-1571-4B49-8696-191D591E5DFA}.Release|Any CPU.ActiveCfg = Release|Any CPU
		{D22D2CD8-1571-4B49-8696-191D591E5DFA}.Release|Any CPU.Build.0 = Release|Any CPU
	EndGlobalSection
	GlobalSection(SolutionProperties) = preSolution
		HideSolutionNode = FALSE
	EndGlobalSection
	GlobalSection(ExtensibilityGlobals) = postSolution
		SolutionGuid = {0A07B5BA-2732-460E-AD62-AE1B9690222B}
	EndGlobalSection
EndGlobal
