
Microsoft Visual Studio Solution File, Format Version 12.00
# Visual Studio Version 17
VisualStudioVersion = 17.2.32630.192
MinimumVisualStudioVersion = 10.0.40219.1
Project("{9A19103F-16F7-4668-BE54-9A1E7A4F7556}") = "CustomizeToolbarIcon", "CustomizeToolbarIcon.csproj", "{2F383F46-7795-4975-89A3-2C70DAA61A93}"
EndProject
Global
	GlobalSection(SolutionConfigurationPlatforms) = preSolution
		Debug|Any CPU = Debug|Any CPU
		Release|Any CPU = Release|Any CPU
	EndGlobalSection
	GlobalSection(ProjectConfigurationPlatforms) = postSolution
		{2F383F46-7795-4975-89A3-2C70DAA61A93}.Debug|Any CPU.ActiveCfg = Debug|Any CPU
		{2F383F46-7795-4975-89A3-2C70DAA61A93}.Debug|Any CPU.Build.0 = Debug|Any CPU
		{2F383F46-7795-4975-89A3-2C70DAA61A93}.Release|Any CPU.ActiveCfg = Release|Any CPU
		{2F383F46-7795-4975-89A3-2C70DAA61A93}.Release|Any CPU.Build.0 = Release|Any CPU
	EndGlobalSection
	GlobalSection(SolutionProperties) = preSolution
		HideSolutionNode = FALSE
	EndGlobalSection
	GlobalSection(ExtensibilityGlobals) = postSolution
		SolutionGuid = {C9052C29-965C-4273-B116-282A516D6902}
	EndGlobalSection
EndGlobal
