Microsoft Visual Studio Solution File, Format Version 12.00
# Visual Studio Version 17
VisualStudioVersion = 17.5.2.0
MinimumVisualStudioVersion = 10.0.40219.1
Project("{FAE04EC0-301F-11D3-BF4B-00C04F79EFBC}") = "Annotation_Events", "Annotation_Events.csproj", "{4CC19A50-7F27-36B9-30B4-B88E612543A6}"
EndProject
Global
	GlobalSection(SolutionConfigurationPlatforms) = preSolution
		Debug|Any CPU = Debug|Any CPU
		Release|Any CPU = Release|Any CPU
	EndGlobalSection
	GlobalSection(ProjectConfigurationPlatforms) = postSolution
		{4CC19A50-7F27-36B9-30B4-B88E612543A6}.Debug|Any CPU.ActiveCfg = Debug|Any CPU
		{4CC19A50-7F27-36B9-30B4-B88E612543A6}.Debug|Any CPU.Build.0 = Debug|Any CPU
		{4CC19A50-7F27-36B9-30B4-B88E612543A6}.Release|Any CPU.ActiveCfg = Release|Any CPU
		{4CC19A50-7F27-36B9-30B4-B88E612543A6}.Release|Any CPU.Build.0 = Release|Any CPU
	EndGlobalSection
	GlobalSection(SolutionProperties) = preSolution
		HideSolutionNode = FALSE
	EndGlobalSection
	GlobalSection(ExtensibilityGlobals) = postSolution
		SolutionGuid = {384104CA-F49B-4D0A-842F-2809A6FFA0A1}
	EndGlobalSection
EndGlobal
