
Microsoft Visual Studio Solution File, Format Version 12.00
# Visual Studio Version 17
VisualStudioVersion = 17.2.32630.192
MinimumVisualStudioVersion = 10.0.40219.1
Project("{9A19103F-16F7-4668-BE54-9A1E7A4F7556}") = "Load_PDF_using_embed_tag", "Load_PDF_using_embed_tag.csproj", "{2F086812-4A05-4E44-8CE6-431E06919FB9}"
EndProject
Global
	GlobalSection(SolutionConfigurationPlatforms) = preSolution
		Debug|Any CPU = Debug|Any CPU
		Release|Any CPU = Release|Any CPU
	EndGlobalSection
	GlobalSection(ProjectConfigurationPlatforms) = postSolution
		{2F086812-4A05-4E44-8CE6-431E06919FB9}.Debug|Any CPU.ActiveCfg = Debug|Any CPU
		{2F086812-4A05-4E44-8CE6-431E06919FB9}.Debug|Any CPU.Build.0 = Debug|Any CPU
		{2F086812-4A05-4E44-8CE6-431E06919FB9}.Release|Any CPU.ActiveCfg = Release|Any CPU
		{2F086812-4A05-4E44-8CE6-431E06919FB9}.Release|Any CPU.Build.0 = Release|Any CPU
	EndGlobalSection
	GlobalSection(SolutionProperties) = preSolution
		HideSolutionNode = FALSE
	EndGlobalSection
	GlobalSection(ExtensibilityGlobals) = postSolution
		SolutionGuid = {955B5182-4EFB-45B5-8089-3F5243209AB6}
	EndGlobalSection
EndGlobal
