
Microsoft Visual Studio Solution File, Format Version 12.00
# Visual Studio Version 17
VisualStudioVersion = 17.8.34330.188
MinimumVisualStudioVersion = 10.0.40219.1
Project("{FAE04EC0-301F-11D3-BF4B-00C04F79EFBC}") = "Maui_Stamp", "Maui_Stamp\Maui_Stamp.csproj", "{2435B89A-3CE8-421C-97D4-FCB1E812A886}"
EndProject
Global
	GlobalSection(SolutionConfigurationPlatforms) = preSolution
		Debug|Any CPU = Debug|Any CPU
		Release|Any CPU = Release|Any CPU
	EndGlobalSection
	GlobalSection(ProjectConfigurationPlatforms) = postSolution
		{2435B89A-3CE8-421C-97D4-FCB1E812A886}.Debug|Any CPU.ActiveCfg = Debug|Any CPU
		{2435B89A-3CE8-421C-97D4-FCB1E812A886}.Debug|Any CPU.Build.0 = Debug|Any CPU
		{2435B89A-3CE8-421C-97D4-FCB1E812A886}.Debug|Any CPU.Deploy.0 = Debug|Any CPU
		{2435B89A-3CE8-421C-97D4-FCB1E812A886}.Release|Any CPU.ActiveCfg = Release|Any CPU
		{2435B89A-3CE8-421C-97D4-FCB1E812A886}.Release|Any CPU.Build.0 = Release|Any CPU
		{2435B89A-3CE8-421C-97D4-FCB1E812A886}.Release|Any CPU.Deploy.0 = Release|Any CPU
	EndGlobalSection
	GlobalSection(SolutionProperties) = preSolution
		HideSolutionNode = FALSE
	EndGlobalSection
	GlobalSection(ExtensibilityGlobals) = postSolution
		SolutionGuid = {ACFA4C80-F032-4330-B71F-3457CBB4F795}
	EndGlobalSection
EndGlobal
