
Microsoft Visual Studio Solution File, Format Version 12.00
# Visual Studio Version 17
VisualStudioVersion = 17.10.34902.84
MinimumVisualStudioVersion = 10.0.40219.1
Project("{FAE04EC0-301F-11D3-BF4B-00C04F79EFBC}") = "Customized_templated_stamp appearance", "Customized_templated_stamp appearance.csproj", "{334EFA98-C164-42D8-B30E-BB261AC9FF42}"
EndProject
Global
	GlobalSection(SolutionConfigurationPlatforms) = preSolution
		Debug|Any CPU = Debug|Any CPU
		Release|Any CPU = Release|Any CPU
	EndGlobalSection
	GlobalSection(ProjectConfigurationPlatforms) = postSolution
		{334EFA98-C164-42D8-B30E-BB261AC9FF42}.Debug|Any CPU.ActiveCfg = Debug|Any CPU
		{334EFA98-C164-42D8-B30E-BB261AC9FF42}.Debug|Any CPU.Build.0 = Debug|Any CPU
		{334EFA98-C164-42D8-B30E-BB261AC9FF42}.Release|Any CPU.ActiveCfg = Release|Any CPU
		{334EFA98-C164-42D8-B30E-BB261AC9FF42}.Release|Any CPU.Build.0 = Release|Any CPU
	EndGlobalSection
	GlobalSection(SolutionProperties) = preSolution
		HideSolutionNode = FALSE
	EndGlobalSection
	GlobalSection(ExtensibilityGlobals) = postSolution
		SolutionGuid = {866A9508-52F0-49C9-B641-B871875B384D}
	EndGlobalSection
EndGlobal
