
Microsoft Visual Studio Solution File, Format Version 12.00
# Visual Studio Version 17
VisualStudioVersion = 17.9.34728.123
MinimumVisualStudioVersion = 10.0.40219.1
Project("{FAE04EC0-301F-11D3-BF4B-00C04F79EFBC}") = "LoadCustomFonts", "LoadCustomFonts\LoadCustomFonts.csproj", "{2FE22EC7-FF34-41A4-A63F-1ED0E6CBFF70}"
EndProject
Global
	GlobalSection(SolutionConfigurationPlatforms) = preSolution
		Debug|Any CPU = Debug|Any CPU
		Release|Any CPU = Release|Any CPU
	EndGlobalSection
	GlobalSection(ProjectConfigurationPlatforms) = postSolution
		{2FE22EC7-FF34-41A4-A63F-1ED0E6CBFF70}.Debug|Any CPU.ActiveCfg = Debug|Any CPU
		{2FE22EC7-FF34-41A4-A63F-1ED0E6CBFF70}.Debug|Any CPU.Build.0 = Debug|Any CPU
		{2FE22EC7-FF34-41A4-A63F-1ED0E6CBFF70}.Release|Any CPU.ActiveCfg = Release|Any CPU
		{2FE22EC7-FF34-41A4-A63F-1ED0E6CBFF70}.Release|Any CPU.Build.0 = Release|Any CPU
	EndGlobalSection
	GlobalSection(SolutionProperties) = preSolution
		HideSolutionNode = FALSE
	EndGlobalSection
	GlobalSection(ExtensibilityGlobals) = postSolution
		SolutionGuid = {9D9EB5B0-5BE6-4155-9CBE-83CC68E49B46}
	EndGlobalSection
EndGlobal
