
Microsoft Visual Studio Solution File, Format Version 12.00
# Visual Studio Version 17
VisualStudioVersion = 17.2.32630.192
MinimumVisualStudioVersion = 10.0.40219.1
Project("{FAE04EC0-301F-11D3-BF4B-00C04F79EFBC}") = "PdfViewerinDialog", "PdfViewerinDialog.csproj", "{2931CDAA-6E94-4A23-A73F-4736F4B651FC}"
EndProject
Global
	GlobalSection(SolutionConfigurationPlatforms) = preSolution
		Debug|Any CPU = Debug|Any CPU
		Release|Any CPU = Release|Any CPU
	EndGlobalSection
	GlobalSection(ProjectConfigurationPlatforms) = postSolution
		{2931CDAA-6E94-4A23-A73F-4736F4B651FC}.Debug|Any CPU.ActiveCfg = Debug|Any CPU
		{2931CDAA-6E94-4A23-A73F-4736F4B651FC}.Debug|Any CPU.Build.0 = Debug|Any CPU
		{2931CDAA-6E94-4A23-A73F-4736F4B651FC}.Release|Any CPU.ActiveCfg = Release|Any CPU
		{2931CDAA-6E94-4A23-A73F-4736F4B651FC}.Release|Any CPU.Build.0 = Release|Any CPU
	EndGlobalSection
	GlobalSection(SolutionProperties) = preSolution
		HideSolutionNode = FALSE
	EndGlobalSection
	GlobalSection(ExtensibilityGlobals) = postSolution
		SolutionGuid = {138D9747-EE01-42B9-AC0C-26652489D082}
	EndGlobalSection
EndGlobal
