
Microsoft Visual Studio Solution File, Format Version 12.00
# Visual Studio Version 17
VisualStudioVersion = 17.6.33723.286
MinimumVisualStudioVersion = 10.0.40219.1
Project("{FAE04EC0-301F-11D3-BF4B-00C04F79EFBC}") = "Annotations_as_JSON_stream", "Annotations_as_JSON_stream\Annotations_as_JSON_stream.csproj", "{CD9F235E-E5B0-45EB-8A67-78FF7E84285D}"
EndProject
Global
	GlobalSection(SolutionConfigurationPlatforms) = preSolution
		Debug|Any CPU = Debug|Any CPU
		Release|Any CPU = Release|Any CPU
	EndGlobalSection
	GlobalSection(ProjectConfigurationPlatforms) = postSolution
		{CD9F235E-E5B0-45EB-8A67-78FF7E84285D}.Debug|Any CPU.ActiveCfg = Debug|Any CPU
		{CD9F235E-E5B0-45EB-8A67-78FF7E84285D}.Debug|Any CPU.Build.0 = Debug|Any CPU
		{CD9F235E-E5B0-45EB-8A67-78FF7E84285D}.Release|Any CPU.ActiveCfg = Release|Any CPU
		{CD9F235E-E5B0-45EB-8A67-78FF7E84285D}.Release|Any CPU.Build.0 = Release|Any CPU
	EndGlobalSection
	GlobalSection(SolutionProperties) = preSolution
		HideSolutionNode = FALSE
	EndGlobalSection
	GlobalSection(ExtensibilityGlobals) = postSolution
		SolutionGuid = {BE91130D-B245-4E2B-9C6A-1EA2F63FE419}
	EndGlobalSection
EndGlobal
