
Microsoft Visual Studio Solution File, Format Version 12.00
# Visual Studio Version 17
VisualStudioVersion = 17.2.32630.192
MinimumVisualStudioVersion = 10.0.40219.1
Project("{9A19103F-16F7-4668-BE54-9A1E7A4F7556}") = "Update_form_fields_using_context_menu", "Update_form_fields_using_context_menu.csproj", "{B129F1CF-4681-416C-A5E7-A136C2BB0435}"
EndProject
Global
	GlobalSection(SolutionConfigurationPlatforms) = preSolution
		Debug|Any CPU = Debug|Any CPU
		Release|Any CPU = Release|Any CPU
	EndGlobalSection
	GlobalSection(ProjectConfigurationPlatforms) = postSolution
		{B129F1CF-4681-416C-A5E7-A136C2BB0435}.Debug|Any CPU.ActiveCfg = Debug|Any CPU
		{B129F1CF-4681-416C-A5E7-A136C2BB0435}.Debug|Any CPU.Build.0 = Debug|Any CPU
		{B129F1CF-4681-416C-A5E7-A136C2BB0435}.Release|Any CPU.ActiveCfg = Release|Any CPU
		{B129F1CF-4681-416C-A5E7-A136C2BB0435}.Release|Any CPU.Build.0 = Release|Any CPU
	EndGlobalSection
	GlobalSection(SolutionProperties) = preSolution
		HideSolutionNode = FALSE
	EndGlobalSection
	GlobalSection(ExtensibilityGlobals) = postSolution
		SolutionGuid = {870023A7-6B52-42D9-8159-07CE86F20486}
	EndGlobalSection
EndGlobal
