
Microsoft Visual Studio Solution File, Format Version 12.00
# Visual Studio Version 17
VisualStudioVersion = 17.4.33205.214
MinimumVisualStudioVersion = 10.0.40219.1
Project("{FAE04EC0-301F-11D3-BF4B-00C04F79EFBC}") = "Supress the Error Dialog", "Supress the Error Dialog.csproj", "{9424A600-D1DF-44FA-B18C-0C1F59368205}"
EndProject
Global
	GlobalSection(SolutionConfigurationPlatforms) = preSolution
		Debug|Any CPU = Debug|Any CPU
		Release|Any CPU = Release|Any CPU
	EndGlobalSection
	GlobalSection(ProjectConfigurationPlatforms) = postSolution
		{9424A600-D1DF-44FA-B18C-0C1F59368205}.Debug|Any CPU.ActiveCfg = Debug|Any CPU
		{9424A600-D1DF-44FA-B18C-0C1F59368205}.Debug|Any CPU.Build.0 = Debug|Any CPU
		{9424A600-D1DF-44FA-B18C-0C1F59368205}.Release|Any CPU.ActiveCfg = Release|Any CPU
		{9424A600-D1DF-44FA-B18C-0C1F59368205}.Release|Any CPU.Build.0 = Release|Any CPU
	EndGlobalSection
	GlobalSection(SolutionProperties) = preSolution
		HideSolutionNode = FALSE
	EndGlobalSection
	GlobalSection(ExtensibilityGlobals) = postSolution
		SolutionGuid = {65A78B79-47E2-4D52-ABF4-255070CB9926}
	EndGlobalSection
EndGlobal
