
Microsoft Visual Studio Solution File, Format Version 12.00
# Visual Studio Version 17
VisualStudioVersion = 17.2.32630.192
MinimumVisualStudioVersion = 10.0.40219.1
Project("{FAE04EC0-301F-11D3-BF4B-00C04F79EFBC}") = "PrintingImageonCanvas", "PrintingImageonCanvas.csproj", "{DDFBCEA2-B146-47AD-8E59-A38651A17AE1}"
EndProject
Global
	GlobalSection(SolutionConfigurationPlatforms) = preSolution
		Debug|Any CPU = Debug|Any CPU
		Release|Any CPU = Release|Any CPU
	EndGlobalSection
	GlobalSection(ProjectConfigurationPlatforms) = postSolution
		{DDFBCEA2-B146-47AD-8E59-A38651A17AE1}.Debug|Any CPU.ActiveCfg = Debug|Any CPU
		{DDFBCEA2-B146-47AD-8E59-A38651A17AE1}.Debug|Any CPU.Build.0 = Debug|Any CPU
		{DDFBCEA2-B146-47AD-8E59-A38651A17AE1}.Release|Any CPU.ActiveCfg = Release|Any CPU
		{DDFBCEA2-B146-47AD-8E59-A38651A17AE1}.Release|Any CPU.Build.0 = Release|Any CPU
	EndGlobalSection
	GlobalSection(SolutionProperties) = preSolution
		HideSolutionNode = FALSE
	EndGlobalSection
	GlobalSection(ExtensibilityGlobals) = postSolution
		SolutionGuid = {4080A4A2-B142-4164-A779-BF01B5B44E01}
	EndGlobalSection
EndGlobal
