
Microsoft Visual Studio Solution File, Format Version 12.00
# Visual Studio Version 17
VisualStudioVersion = 17.2.32630.192
MinimumVisualStudioVersion = 10.0.40219.1
Project("{9A19103F-16F7-4668-BE54-9A1E7A4F7556}") = "Swagger_configuration.Client", "Swagger_configuration.Client.csproj", "{37FDAE10-0A0E-45D7-B141-4E76FBB0014A}"
EndProject
Global
	GlobalSection(SolutionConfigurationPlatforms) = preSolution
		Debug|Any CPU = Debug|Any CPU
		Release|Any CPU = Release|Any CPU
	EndGlobalSection
	GlobalSection(ProjectConfigurationPlatforms) = postSolution
		{37FDAE10-0A0E-45D7-B141-4E76FBB0014A}.Debug|Any CPU.ActiveCfg = Debug|Any CPU
		{37FDAE10-0A0E-45D7-B141-4E76FBB0014A}.Debug|Any CPU.Build.0 = Debug|Any CPU
		{37FDAE10-0A0E-45D7-B141-4E76FBB0014A}.Release|Any CPU.ActiveCfg = Release|Any CPU
		{37FDAE10-0A0E-45D7-B141-4E76FBB0014A}.Release|Any CPU.Build.0 = Release|Any CPU
	EndGlobalSection
	GlobalSection(SolutionProperties) = preSolution
		HideSolutionNode = FALSE
	EndGlobalSection
	GlobalSection(ExtensibilityGlobals) = postSolution
		SolutionGuid = {7250140B-A9DC-48A1-AF25-034C368D38B7}
	EndGlobalSection
EndGlobal
