Microsoft Visual Studio Solution File, Format Version 12.00
# Visual Studio Version 17
VisualStudioVersion = 17.5.2.0
MinimumVisualStudioVersion = 10.0.40219.1
Project("{FAE04EC0-301F-11D3-BF4B-00C04F79EFBC}") = "LoadCustomFonts", "LoadCustomFonts.csproj", "{82957D3F-5A34-3AE7-8990-59D2EB0D76BC}"
EndProject
Global
	GlobalSection(SolutionConfigurationPlatforms) = preSolution
		Debug|Any CPU = Debug|Any CPU
		Release|Any CPU = Release|Any CPU
	EndGlobalSection
	GlobalSection(ProjectConfigurationPlatforms) = postSolution
		{82957D3F-5A34-3AE7-8990-59D2EB0D76BC}.Debug|Any CPU.ActiveCfg = Debug|Any CPU
		{82957D3F-5A34-3AE7-8990-59D2EB0D76BC}.Debug|Any CPU.Build.0 = Debug|Any CPU
		{82957D3F-5A34-3AE7-8990-59D2EB0D76BC}.Release|Any CPU.ActiveCfg = Release|Any CPU
		{82957D3F-5A34-3AE7-8990-59D2EB0D76BC}.Release|Any CPU.Build.0 = Release|Any CPU
	EndGlobalSection
	GlobalSection(SolutionProperties) = preSolution
		HideSolutionNode = FALSE
	EndGlobalSection
	GlobalSection(ExtensibilityGlobals) = postSolution
		SolutionGuid = {C62C7DCC-B1FF-49B4-99FB-66255B0E2E0B}
	EndGlobalSection
EndGlobal
