Microsoft Visual Studio Solution File, Format Version 12.00
# Visual Studio Version 17
VisualStudioVersion = 17.5.2.0
MinimumVisualStudioVersion = 10.0.40219.1
Project("{FAE04EC0-301F-11D3-BF4B-00C04F79EFBC}") = "WinFormsBlazorHybridApp", "WinFormsBlazorHybridApp.csproj", "{3FD92601-2909-12E4-0626-B9DCF8DD9781}"
EndProject
Global
	GlobalSection(SolutionConfigurationPlatforms) = preSolution
		Debug|Any CPU = Debug|Any CPU
		Release|Any CPU = Release|Any CPU
	EndGlobalSection
	GlobalSection(ProjectConfigurationPlatforms) = postSolution
		{3FD92601-2909-12E4-0626-B9DCF8DD9781}.Debug|Any CPU.ActiveCfg = Debug|Any CPU
		{3FD92601-2909-12E4-0626-B9DCF8DD9781}.Debug|Any CPU.Build.0 = Debug|Any CPU
		{3FD92601-2909-12E4-0626-B9DCF8DD9781}.Release|Any CPU.ActiveCfg = Release|Any CPU
		{3FD92601-2909-12E4-0626-B9DCF8DD9781}.Release|Any CPU.Build.0 = Release|Any CPU
	EndGlobalSection
	GlobalSection(SolutionProperties) = preSolution
		HideSolutionNode = FALSE
	EndGlobalSection
	GlobalSection(ExtensibilityGlobals) = postSolution
		SolutionGuid = {C7560C67-46F8-46B0-B154-E255188EB6F3}
	EndGlobalSection
EndGlobal
