Microsoft Visual Studio Solution File, Format Version 12.00
# Visual Studio Version 17
VisualStudioVersion = 17.5.2.0
MinimumVisualStudioVersion = 10.0.40219.1
Project("{FAE04EC0-301F-11D3-BF4B-00C04F79EFBC}") = "OverscanCount", "OverscanCount.csproj", "{952CEF9F-EB2B-F622-3D7B-AFFDD3D79B83}"
EndProject
Global
	GlobalSection(SolutionConfigurationPlatforms) = preSolution
		Debug|Any CPU = Debug|Any CPU
		Release|Any CPU = Release|Any CPU
	EndGlobalSection
	GlobalSection(ProjectConfigurationPlatforms) = postSolution
		{952CEF9F-EB2B-F622-3D7B-AFFDD3D79B83}.Debug|Any CPU.ActiveCfg = Debug|Any CPU
		{952CEF9F-EB2B-F622-3D7B-AFFDD3D79B83}.Debug|Any CPU.Build.0 = Debug|Any CPU
		{952CEF9F-EB2B-F622-3D7B-AFFDD3D79B83}.Release|Any CPU.ActiveCfg = Release|Any CPU
		{952CEF9F-EB2B-F622-3D7B-AFFDD3D79B83}.Release|Any CPU.Build.0 = Release|Any CPU
	EndGlobalSection
	GlobalSection(SolutionProperties) = preSolution
		HideSolutionNode = FALSE
	EndGlobalSection
	GlobalSection(ExtensibilityGlobals) = postSolution
		SolutionGuid = {210814FD-39A0-48C8-A553-9043DEBDDC7C}
	EndGlobalSection
EndGlobal
