
Microsoft Visual Studio Solution File, Format Version 12.00
# Visual Studio Version 17
VisualStudioVersion = 17.2.32630.192
MinimumVisualStudioVersion = 10.0.40219.1
Project("{9A19103F-16F7-4668-BE54-9A1E7A4F7556}") = "UpdateViewerSizeDynamically", "UpdateViewerSizeDynamically.csproj", "{6ECE89ED-7BE6-4324-A438-9766AE504104}"
EndProject
Global
	GlobalSection(SolutionConfigurationPlatforms) = preSolution
		Debug|Any CPU = Debug|Any CPU
		Release|Any CPU = Release|Any CPU
	EndGlobalSection
	GlobalSection(ProjectConfigurationPlatforms) = postSolution
		{6ECE89ED-7BE6-4324-A438-9766AE504104}.Debug|Any CPU.ActiveCfg = Debug|Any CPU
		{6ECE89ED-7BE6-4324-A438-9766AE504104}.Debug|Any CPU.Build.0 = Debug|Any CPU
		{6ECE89ED-7BE6-4324-A438-9766AE504104}.Release|Any CPU.ActiveCfg = Release|Any CPU
		{6ECE89ED-7BE6-4324-A438-9766AE504104}.Release|Any CPU.Build.0 = Release|Any CPU
	EndGlobalSection
	GlobalSection(SolutionProperties) = preSolution
		HideSolutionNode = FALSE
	EndGlobalSection
	GlobalSection(ExtensibilityGlobals) = postSolution
		SolutionGuid = {81956D31-E4D6-4EC5-9DD7-960C6A44ACB2}
	EndGlobalSection
EndGlobal
