
Microsoft Visual Studio Solution File, Format Version 12.00
# Visual Studio Version 17
VisualStudioVersion = 17.6.33723.286
MinimumVisualStudioVersion = 10.0.40219.1
Project("{FAE04EC0-301F-11D3-BF4B-00C04F79EFBC}") = "Lock_annotations", "Lock_annotations\Lock_annotations.csproj", "{ECE62BA9-4E94-4931-B0B6-C6195FEE0C6D}"
EndProject
Global
	GlobalSection(SolutionConfigurationPlatforms) = preSolution
		Debug|Any CPU = Debug|Any CPU
		Release|Any CPU = Release|Any CPU
	EndGlobalSection
	GlobalSection(ProjectConfigurationPlatforms) = postSolution
		{ECE62BA9-4E94-4931-B0B6-C6195FEE0C6D}.Debug|Any CPU.ActiveCfg = Debug|Any CPU
		{ECE62BA9-4E94-4931-B0B6-C6195FEE0C6D}.Debug|Any CPU.Build.0 = Debug|Any CPU
		{ECE62BA9-4E94-4931-B0B6-C6195FEE0C6D}.Release|Any CPU.ActiveCfg = Release|Any CPU
		{ECE62BA9-4E94-4931-B0B6-C6195FEE0C6D}.Release|Any CPU.Build.0 = Release|Any CPU
	EndGlobalSection
	GlobalSection(SolutionProperties) = preSolution
		HideSolutionNode = FALSE
	EndGlobalSection
	GlobalSection(ExtensibilityGlobals) = postSolution
		SolutionGuid = {80B4D05D-8F4A-45D9-987E-8A397DD7C748}
	EndGlobalSection
EndGlobal
