
Microsoft Visual Studio Solution File, Format Version 12.00
# Visual Studio Version 17
VisualStudioVersion = 17.2.32630.192
MinimumVisualStudioVersion = 10.0.40219.1
Project("{FAE04EC0-301F-11D3-BF4B-00C04F79EFBC}") = "ThumbnailOpenProgrammatically", "ThumbnailOpenProgrammatically.csproj", "{EC71162B-6BEB-4337-B532-ABECC32FD9BF}"
EndProject
Global
	GlobalSection(SolutionConfigurationPlatforms) = preSolution
		Debug|Any CPU = Debug|Any CPU
		Release|Any CPU = Release|Any CPU
	EndGlobalSection
	GlobalSection(ProjectConfigurationPlatforms) = postSolution
		{EC71162B-6BEB-4337-B532-ABECC32FD9BF}.Debug|Any CPU.ActiveCfg = Debug|Any CPU
		{EC71162B-6BEB-4337-B532-ABECC32FD9BF}.Debug|Any CPU.Build.0 = Debug|Any CPU
		{EC71162B-6BEB-4337-B532-ABECC32FD9BF}.Release|Any CPU.ActiveCfg = Release|Any CPU
		{EC71162B-6BEB-4337-B532-ABECC32FD9BF}.Release|Any CPU.Build.0 = Release|Any CPU
	EndGlobalSection
	GlobalSection(SolutionProperties) = preSolution
		HideSolutionNode = FALSE
	EndGlobalSection
	GlobalSection(ExtensibilityGlobals) = postSolution
		SolutionGuid = {070588B2-C166-4762-AF09-DC23B7A0319C}
	EndGlobalSection
EndGlobal
