Microsoft Visual Studio Solution File, Format Version 12.00
# Visual Studio Version 17
VisualStudioVersion = 17.5.2.0
MinimumVisualStudioVersion = 10.0.40219.1
Project("{FAE04EC0-301F-11D3-BF4B-00C04F79EFBC}") = "Edit_FreeText_Annotation", "Edit_FreeText_Annotation.csproj", "{0C2C2780-8BDD-1B4B-3856-3C7A72E7A119}"
EndProject
Global
	GlobalSection(SolutionConfigurationPlatforms) = preSolution
		Debug|Any CPU = Debug|Any CPU
		Release|Any CPU = Release|Any CPU
	EndGlobalSection
	GlobalSection(ProjectConfigurationPlatforms) = postSolution
		{0C2C2780-8BDD-1B4B-3856-3C7A72E7A119}.Debug|Any CPU.ActiveCfg = Debug|Any CPU
		{0C2C2780-8BDD-1B4B-3856-3C7A72E7A119}.Debug|Any CPU.Build.0 = Debug|Any CPU
		{0C2C2780-8BDD-1B4B-3856-3C7A72E7A119}.Release|Any CPU.ActiveCfg = Release|Any CPU
		{0C2C2780-8BDD-1B4B-3856-3C7A72E7A119}.Release|Any CPU.Build.0 = Release|Any CPU
	EndGlobalSection
	GlobalSection(SolutionProperties) = preSolution
		HideSolutionNode = FALSE
	EndGlobalSection
	GlobalSection(ExtensibilityGlobals) = postSolution
		SolutionGuid = {7F6B61C7-4B6C-431D-B632-6AEBE5EE5D33}
	EndGlobalSection
EndGlobal
