
Microsoft Visual Studio Solution File, Format Version 12.00
# Visual Studio Version 17
VisualStudioVersion = 17.3.32929.385
MinimumVisualStudioVersion = 10.0.40219.1
Project("{FAE04EC0-301F-11D3-BF4B-00C04F79EFBC}") = "RTL_Sample", "RTL_Sample.csproj", "{33AC5FDA-E8DD-4146-A72A-2B5C72E96867}"
EndProject
Global
	GlobalSection(SolutionConfigurationPlatforms) = preSolution
		Debug|Any CPU = Debug|Any CPU
		Release|Any CPU = Release|Any CPU
	EndGlobalSection
	GlobalSection(ProjectConfigurationPlatforms) = postSolution
		{33AC5FDA-E8DD-4146-A72A-2B5C72E96867}.Debug|Any CPU.ActiveCfg = Debug|Any CPU
		{33AC5FDA-E8DD-4146-A72A-2B5C72E96867}.Debug|Any CPU.Build.0 = Debug|Any CPU
		{33AC5FDA-E8DD-4146-A72A-2B5C72E96867}.Release|Any CPU.ActiveCfg = Release|Any CPU
		{33AC5FDA-E8DD-4146-A72A-2B5C72E96867}.Release|Any CPU.Build.0 = Release|Any CPU
	EndGlobalSection
	GlobalSection(SolutionProperties) = preSolution
		HideSolutionNode = FALSE
	EndGlobalSection
	GlobalSection(ExtensibilityGlobals) = postSolution
		SolutionGuid = {D09A6605-3109-4CC8-8C60-F1C8571ED99D}
	EndGlobalSection
EndGlobal
