Microsoft Visual Studio Solution File, Format Version 12.00
# Visual Studio Version 17
VisualStudioVersion = 17.5.2.0
MinimumVisualStudioVersion = 10.0.40219.1
Project("{FAE04EC0-301F-11D3-BF4B-00C04F79EFBC}") = "PdfViewer_in_Popup_window", "PdfViewer_in_Popup_window.csproj", "{DECA3E14-306A-0122-EE5D-3CF1BEF4C87C}"
EndProject
Global
	GlobalSection(SolutionConfigurationPlatforms) = preSolution
		Debug|Any CPU = Debug|Any CPU
		Release|Any CPU = Release|Any CPU
	EndGlobalSection
	GlobalSection(ProjectConfigurationPlatforms) = postSolution
		{DECA3E14-306A-0122-EE5D-3CF1BEF4C87C}.Debug|Any CPU.ActiveCfg = Debug|Any CPU
		{DECA3E14-306A-0122-EE5D-3CF1BEF4C87C}.Debug|Any CPU.Build.0 = Debug|Any CPU
		{DECA3E14-306A-0122-EE5D-3CF1BEF4C87C}.Release|Any CPU.ActiveCfg = Release|Any CPU
		{DECA3E14-306A-0122-EE5D-3CF1BEF4C87C}.Release|Any CPU.Build.0 = Release|Any CPU
	EndGlobalSection
	GlobalSection(SolutionProperties) = preSolution
		HideSolutionNode = FALSE
	EndGlobalSection
	GlobalSection(ExtensibilityGlobals) = postSolution
		SolutionGuid = {850DAA96-9EE5-41AD-8756-A60BAFCD1486}
	EndGlobalSection
EndGlobal
