
Microsoft Visual Studio Solution File, Format Version 12.00
# Visual Studio Version 17
VisualStudioVersion = 17.4.33205.214
MinimumVisualStudioVersion = 10.0.40219.1
Project("{FAE04EC0-301F-11D3-BF4B-00C04F79EFBC}") = "preventPDFfromscrolling", "preventPDFfromscrolling\preventPDFfromscrolling.csproj", "{E488DC4F-BDC0-4AED-922E-AE05934ED000}"
EndProject
Global
	GlobalSection(SolutionConfigurationPlatforms) = preSolution
		Debug|Any CPU = Debug|Any CPU
		Release|Any CPU = Release|Any CPU
	EndGlobalSection
	GlobalSection(ProjectConfigurationPlatforms) = postSolution
		{E488DC4F-BDC0-4AED-922E-AE05934ED000}.Debug|Any CPU.ActiveCfg = Debug|Any CPU
		{E488DC4F-BDC0-4AED-922E-AE05934ED000}.Debug|Any CPU.Build.0 = Debug|Any CPU
		{E488DC4F-BDC0-4AED-922E-AE05934ED000}.Release|Any CPU.ActiveCfg = Release|Any CPU
		{E488DC4F-BDC0-4AED-922E-AE05934ED000}.Release|Any CPU.Build.0 = Release|Any CPU
	EndGlobalSection
	GlobalSection(SolutionProperties) = preSolution
		HideSolutionNode = FALSE
	EndGlobalSection
	GlobalSection(ExtensibilityGlobals) = postSolution
		SolutionGuid = {9DD5E861-1021-4131-A0C0-AE98DFB7915B}
	EndGlobalSection
EndGlobal
