
Microsoft Visual Studio Solution File, Format Version 12.00
# Visual Studio Version 17
VisualStudioVersion = 17.2.32630.192
MinimumVisualStudioVersion = 10.0.40219.1
Project("{FAE04EC0-301F-11D3-BF4B-00C04F79EFBC}") = "CustomToolbarwithSaveoption", "CustomToolbarwithSaveoption.csproj", "{E2B2C29C-97BE-4E53-9132-D562672EE971}"
EndProject
Global
	GlobalSection(SolutionConfigurationPlatforms) = preSolution
		Debug|Any CPU = Debug|Any CPU
		Release|Any CPU = Release|Any CPU
	EndGlobalSection
	GlobalSection(ProjectConfigurationPlatforms) = postSolution
		{E2B2C29C-97BE-4E53-9132-D562672EE971}.Debug|Any CPU.ActiveCfg = Debug|Any CPU
		{E2B2C29C-97BE-4E53-9132-D562672EE971}.Debug|Any CPU.Build.0 = Debug|Any CPU
		{E2B2C29C-97BE-4E53-9132-D562672EE971}.Release|Any CPU.ActiveCfg = Release|Any CPU
		{E2B2C29C-97BE-4E53-9132-D562672EE971}.Release|Any CPU.Build.0 = Release|Any CPU
	EndGlobalSection
	GlobalSection(SolutionProperties) = preSolution
		HideSolutionNode = FALSE
	EndGlobalSection
	GlobalSection(ExtensibilityGlobals) = postSolution
		SolutionGuid = {EEA81F86-45C0-4BA3-B587-FAE619A83FB2}
	EndGlobalSection
EndGlobal
