
Microsoft Visual Studio Solution File, Format Version 12.00
# Visual Studio Version 17
VisualStudioVersion = 17.2.32630.192
MinimumVisualStudioVersion = 10.0.40219.1
Project("{FAE04EC0-301F-11D3-BF4B-00C04F79EFBC}") = "RemoveArrow", "RemoveArrow.csproj", "{B361D8D2-383C-4EA8-B896-5EB02E071934}"
EndProject
Global
	GlobalSection(SolutionConfigurationPlatforms) = preSolution
		Debug|Any CPU = Debug|Any CPU
		Release|Any CPU = Release|Any CPU
	EndGlobalSection
	GlobalSection(ProjectConfigurationPlatforms) = postSolution
		{B361D8D2-383C-4EA8-B896-5EB02E071934}.Debug|Any CPU.ActiveCfg = Debug|Any CPU
		{B361D8D2-383C-4EA8-B896-5EB02E071934}.Debug|Any CPU.Build.0 = Debug|Any CPU
		{B361D8D2-383C-4EA8-B896-5EB02E071934}.Release|Any CPU.ActiveCfg = Release|Any CPU
		{B361D8D2-383C-4EA8-B896-5EB02E071934}.Release|Any CPU.Build.0 = Release|Any CPU
	EndGlobalSection
	GlobalSection(SolutionProperties) = preSolution
		HideSolutionNode = FALSE
	EndGlobalSection
	GlobalSection(ExtensibilityGlobals) = postSolution
		SolutionGuid = {5D330783-E91F-46F2-A03F-3DACE2F6DD9D}
	EndGlobalSection
EndGlobal
