
Microsoft Visual Studio Solution File, Format Version 12.00
# Visual Studio Version 17
VisualStudioVersion = 17.2.32630.192
MinimumVisualStudioVersion = 10.0.40219.1
Project("{9A19103F-16F7-4668-BE54-9A1E7A4F7556}") = "Resize_PDF_Viewer_to_its_parent", "Resize_PDF_Viewer_to_its_parent.csproj", "{FCF486B4-6A24-482C-B87F-93606109980E}"
EndProject
Global
	GlobalSection(SolutionConfigurationPlatforms) = preSolution
		Debug|Any CPU = Debug|Any CPU
		Release|Any CPU = Release|Any CPU
	EndGlobalSection
	GlobalSection(ProjectConfigurationPlatforms) = postSolution
		{FCF486B4-6A24-482C-B87F-93606109980E}.Debug|Any CPU.ActiveCfg = Debug|Any CPU
		{FCF486B4-6A24-482C-B87F-93606109980E}.Debug|Any CPU.Build.0 = Debug|Any CPU
		{FCF486B4-6A24-482C-B87F-93606109980E}.Release|Any CPU.ActiveCfg = Release|Any CPU
		{FCF486B4-6A24-482C-B87F-93606109980E}.Release|Any CPU.Build.0 = Release|Any CPU
	EndGlobalSection
	GlobalSection(SolutionProperties) = preSolution
		HideSolutionNode = FALSE
	EndGlobalSection
	GlobalSection(ExtensibilityGlobals) = postSolution
		SolutionGuid = {3C6EE43A-5497-49F1-974E-17056B98CDEC}
	EndGlobalSection
EndGlobal
