Microsoft Visual Studio Solution File, Format Version 12.00
# Visual Studio Version 17
VisualStudioVersion = 17.5.2.0
MinimumVisualStudioVersion = 10.0.40219.1
Project("{FAE04EC0-301F-11D3-BF4B-00C04F79EFBC}") = "PdfViewer_On_Splitter", "PdfViewer_On_Splitter.csproj", "{DFC0698B-2C55-96D7-B3C9-0100850C9CFA}"
EndProject
Global
	GlobalSection(SolutionConfigurationPlatforms) = preSolution
		Debug|Any CPU = Debug|Any CPU
		Release|Any CPU = Release|Any CPU
	EndGlobalSection
	GlobalSection(ProjectConfigurationPlatforms) = postSolution
		{DFC0698B-2C55-96D7-B3C9-0100850C9CFA}.Debug|Any CPU.ActiveCfg = Debug|Any CPU
		{DFC0698B-2C55-96D7-B3C9-0100850C9CFA}.Debug|Any CPU.Build.0 = Debug|Any CPU
		{DFC0698B-2C55-96D7-B3C9-0100850C9CFA}.Release|Any CPU.ActiveCfg = Release|Any CPU
		{DFC0698B-2C55-96D7-B3C9-0100850C9CFA}.Release|Any CPU.Build.0 = Release|Any CPU
	EndGlobalSection
	GlobalSection(SolutionProperties) = preSolution
		HideSolutionNode = FALSE
	EndGlobalSection
	GlobalSection(ExtensibilityGlobals) = postSolution
		SolutionGuid = {841C9EA0-5BA2-4054-ACD7-02B9FDE1DFDB}
	EndGlobalSection
EndGlobal
