Microsoft Visual Studio Solution File, Format Version 12.00
# Visual Studio Version 17
VisualStudioVersion = 17.5.2.0
MinimumVisualStudioVersion = 10.0.40219.1
Project("{FAE04EC0-301F-11D3-BF4B-00C04F79EFBC}") = "Load_PDF_file_from_URL", "Load_PDF_file_from_URL.csproj", "{F3B4DB89-133C-CCD7-B141-44377CE7BB7C}"
EndProject
Global
	GlobalSection(SolutionConfigurationPlatforms) = preSolution
		Debug|Any CPU = Debug|Any CPU
		Release|Any CPU = Release|Any CPU
	EndGlobalSection
	GlobalSection(ProjectConfigurationPlatforms) = postSolution
		{F3B4DB89-133C-CCD7-B141-44377CE7BB7C}.Debug|Any CPU.ActiveCfg = Debug|Any CPU
		{F3B4DB89-133C-CCD7-B141-44377CE7BB7C}.Debug|Any CPU.Build.0 = Debug|Any CPU
		{F3B4DB89-133C-CCD7-B141-44377CE7BB7C}.Release|Any CPU.ActiveCfg = Release|Any CPU
		{F3B4DB89-133C-CCD7-B141-44377CE7BB7C}.Release|Any CPU.Build.0 = Release|Any CPU
	EndGlobalSection
	GlobalSection(SolutionProperties) = preSolution
		HideSolutionNode = FALSE
	EndGlobalSection
	GlobalSection(ExtensibilityGlobals) = postSolution
		SolutionGuid = {B8F9E97F-50D5-4946-99B8-565D9379AC5C}
	EndGlobalSection
EndGlobal
