Microsoft Visual Studio Solution File, Format Version 12.00
# Visual Studio Version 17
VisualStudioVersion = 17.4.33205.214
MinimumVisualStudioVersion = 16.0.0.0
Project("{9A19103F-16F7-4668-BE54-9A1E7A4F7556}") = "Load_Desire_PDF.Server", "Server\Load_Desire_PDF.Server.csproj", "{5FD8ACD4-80D1-47AA-8DD6-F2E00161C7D5}"
EndProject
Project("{9A19103F-16F7-4668-BE54-9A1E7A4F7556}") = "Load_Desire_PDF.Client", "Client\Load_Desire_PDF.Client.csproj", "{5087413C-F1C4-41BF-9B88-CAB515BCE201}"
EndProject
Project("{9A19103F-16F7-4668-BE54-9A1E7A4F7556}") = "Load_Desire_PDF.Shared", "Shared\Load_Desire_PDF.Shared.csproj", "{DFD64C6D-D648-4B48-BEAB-212C96B0948D}"
EndProject
Global
	GlobalSection(SolutionConfigurationPlatforms) = preSolution
		Debug|Any CPU = Debug|Any CPU
		Debug|x64 = Debug|x64
		Debug|x86 = Debug|x86
		Release|Any CPU = Release|Any CPU
		Release|x64 = Release|x64
		Release|x86 = Release|x86
	EndGlobalSection
	GlobalSection(ProjectConfigurationPlatforms) = postSolution
		{5FD8ACD4-80D1-47AA-8DD6-F2E00161C7D5}.Debug|Any CPU.ActiveCfg = Debug|Any CPU
		{5FD8ACD4-80D1-47AA-8DD6-F2E00161C7D5}.Debug|Any CPU.Build.0 = Debug|Any CPU
		{5FD8ACD4-80D1-47AA-8DD6-F2E00161C7D5}.Debug|x64.ActiveCfg = Debug|Any CPU
		{5FD8ACD4-80D1-47AA-8DD6-F2E00161C7D5}.Debug|x64.Build.0 = Debug|Any CPU
		{5FD8ACD4-80D1-47AA-8DD6-F2E00161C7D5}.Debug|x86.ActiveCfg = Debug|Any CPU
		{5FD8ACD4-80D1-47AA-8DD6-F2E00161C7D5}.Debug|x86.Build.0 = Debug|Any CPU
		{5FD8ACD4-80D1-47AA-8DD6-F2E00161C7D5}.Release|Any CPU.ActiveCfg = Release|Any CPU
		{5FD8ACD4-80D1-47AA-8DD6-F2E00161C7D5}.Release|Any CPU.Build.0 = Release|Any CPU
		{5FD8ACD4-80D1-47AA-8DD6-F2E00161C7D5}.Release|x64.ActiveCfg = Release|Any CPU
		{5FD8ACD4-80D1-47AA-8DD6-F2E00161C7D5}.Release|x64.Build.0 = Release|Any CPU
		{5FD8ACD4-80D1-47AA-8DD6-F2E00161C7D5}.Release|x86.ActiveCfg = Release|Any CPU
		{5FD8ACD4-80D1-47AA-8DD6-F2E00161C7D5}.Release|x86.Build.0 = Release|Any CPU
		{5087413C-F1C4-41BF-9B88-CAB515BCE201}.Debug|Any CPU.ActiveCfg = Debug|Any CPU
		{5087413C-F1C4-41BF-9B88-CAB515BCE201}.Debug|Any CPU.Build.0 = Debug|Any CPU
		{5087413C-F1C4-41BF-9B88-CAB515BCE201}.Debug|x64.ActiveCfg = Debug|Any CPU
		{5087413C-F1C4-41BF-9B88-CAB515BCE201}.Debug|x64.Build.0 = Debug|Any CPU
		{5087413C-F1C4-41BF-9B88-CAB515BCE201}.Debug|x86.ActiveCfg = Debug|Any CPU
		{5087413C-F1C4-41BF-9B88-CAB515BCE201}.Debug|x86.Build.0 = Debug|Any CPU
		{5087413C-F1C4-41BF-9B88-CAB515BCE201}.Release|Any CPU.ActiveCfg = Release|Any CPU
		{5087413C-F1C4-41BF-9B88-CAB515BCE201}.Release|Any CPU.Build.0 = Release|Any CPU
		{5087413C-F1C4-41BF-9B88-CAB515BCE201}.Release|x64.ActiveCfg = Release|Any CPU
		{5087413C-F1C4-41BF-9B88-CAB515BCE201}.Release|x64.Build.0 = Release|Any CPU
		{5087413C-F1C4-41BF-9B88-CAB515BCE201}.Release|x86.ActiveCfg = Release|Any CPU
		{5087413C-F1C4-41BF-9B88-CAB515BCE201}.Release|x86.Build.0 = Release|Any CPU
		{DFD64C6D-D648-4B48-BEAB-212C96B0948D}.Debug|Any CPU.ActiveCfg = Debug|Any CPU
		{DFD64C6D-D648-4B48-BEAB-212C96B0948D}.Debug|Any CPU.Build.0 = Debug|Any CPU
		{DFD64C6D-D648-4B48-BEAB-212C96B0948D}.Debug|x64.ActiveCfg = Debug|Any CPU
		{DFD64C6D-D648-4B48-BEAB-212C96B0948D}.Debug|x64.Build.0 = Debug|Any CPU
		{DFD64C6D-D648-4B48-BEAB-212C96B0948D}.Debug|x86.ActiveCfg = Debug|Any CPU
		{DFD64C6D-D648-4B48-BEAB-212C96B0948D}.Debug|x86.Build.0 = Debug|Any CPU
		{DFD64C6D-D648-4B48-BEAB-212C96B0948D}.Release|Any CPU.ActiveCfg = Release|Any CPU
		{DFD64C6D-D648-4B48-BEAB-212C96B0948D}.Release|Any CPU.Build.0 = Release|Any CPU
		{DFD64C6D-D648-4B48-BEAB-212C96B0948D}.Release|x64.ActiveCfg = Release|Any CPU
		{DFD64C6D-D648-4B48-BEAB-212C96B0948D}.Release|x64.Build.0 = Release|Any CPU
		{DFD64C6D-D648-4B48-BEAB-212C96B0948D}.Release|x86.ActiveCfg = Release|Any CPU
		{DFD64C6D-D648-4B48-BEAB-212C96B0948D}.Release|x86.Build.0 = Release|Any CPU
	EndGlobalSection
	GlobalSection(SolutionProperties) = preSolution
		HideSolutionNode = FALSE
	EndGlobalSection
	GlobalSection(ExtensibilityGlobals) = postSolution
		SolutionGuid = {548C83F5-026B-4905-BC99-F23AA1F8A800}
	EndGlobalSection
EndGlobal
