Microsoft Visual Studio Solution File, Format Version 12.00
# Visual Studio Version 17
VisualStudioVersion = 17.5.2.0
MinimumVisualStudioVersion = 10.0.40219.1
Project("{FAE04EC0-301F-11D3-BF4B-00C04F79EFBC}") = "Add_Stickynote_Annotation", "Add_Stickynote_Annotation.csproj", "{F8646418-3B5B-3286-A432-8F952B3E1C2B}"
EndProject
Global
	GlobalSection(SolutionConfigurationPlatforms) = preSolution
		Debug|Any CPU = Debug|Any CPU
		Release|Any CPU = Release|Any CPU
	EndGlobalSection
	GlobalSection(ProjectConfigurationPlatforms) = postSolution
		{F8646418-3B5B-3286-A432-8F952B3E1C2B}.Debug|Any CPU.ActiveCfg = Debug|Any CPU
		{F8646418-3B5B-3286-A432-8F952B3E1C2B}.Debug|Any CPU.Build.0 = Debug|Any CPU
		{F8646418-3B5B-3286-A432-8F952B3E1C2B}.Release|Any CPU.ActiveCfg = Release|Any CPU
		{F8646418-3B5B-3286-A432-8F952B3E1C2B}.Release|Any CPU.Build.0 = Release|Any CPU
	EndGlobalSection
	GlobalSection(SolutionProperties) = preSolution
		HideSolutionNode = FALSE
	EndGlobalSection
	GlobalSection(ExtensibilityGlobals) = postSolution
		SolutionGuid = {072E8256-E5EA-4640-9A69-AE9381E1D514}
	EndGlobalSection
EndGlobal
