
Microsoft Visual Studio Solution File, Format Version 12.00
# Visual Studio Version 17
VisualStudioVersion = 17.6.33723.286
MinimumVisualStudioVersion = 10.0.40219.1
Project("{FAE04EC0-301F-11D3-BF4B-00C04F79EFBC}") = "Show_Thumbnail_Panel", "Show_Thumbnail_Panel\Show_Thumbnail_Panel.csproj", "{3E0ADF38-A0B3-4453-8539-E3F7BD4C40AA}"
EndProject
Global
	GlobalSection(SolutionConfigurationPlatforms) = preSolution
		Debug|Any CPU = Debug|Any CPU
		Release|Any CPU = Release|Any CPU
	EndGlobalSection
	GlobalSection(ProjectConfigurationPlatforms) = postSolution
		{3E0ADF38-A0B3-4453-8539-E3F7BD4C40AA}.Debug|Any CPU.ActiveCfg = Debug|Any CPU
		{3E0ADF38-A0B3-4453-8539-E3F7BD4C40AA}.Debug|Any CPU.Build.0 = Debug|Any CPU
		{3E0ADF38-A0B3-4453-8539-E3F7BD4C40AA}.Release|Any CPU.ActiveCfg = Release|Any CPU
		{3E0ADF38-A0B3-4453-8539-E3F7BD4C40AA}.Release|Any CPU.Build.0 = Release|Any CPU
	EndGlobalSection
	GlobalSection(SolutionProperties) = preSolution
		HideSolutionNode = FALSE
	EndGlobalSection
	GlobalSection(ExtensibilityGlobals) = postSolution
		SolutionGuid = {E0620684-70D4-4452-B342-16C73467ACD6}
	EndGlobalSection
EndGlobal
