
Microsoft Visual Studio Solution File, Format Version 12.00
# Visual Studio Version 17
VisualStudioVersion = 17.12.35527.113 d17.12
MinimumVisualStudioVersion = 10.0.40219.1
Project("{FAE04EC0-301F-11D3-BF4B-00C04F79EFBC}") = "Print Large page document", "Print Large page document.csproj", "{D503FA58-8303-4367-8C4F-DA8D5023BCBA}"
EndProject
Global
	GlobalSection(SolutionConfigurationPlatforms) = preSolution
		Debug|Any CPU = Debug|Any CPU
		Release|Any CPU = Release|Any CPU
	EndGlobalSection
	GlobalSection(ProjectConfigurationPlatforms) = postSolution
		{D503FA58-8303-4367-8C4F-DA8D5023BCBA}.Debug|Any CPU.ActiveCfg = Debug|Any CPU
		{D503FA58-8303-4367-8C4F-DA8D5023BCBA}.Debug|Any CPU.Build.0 = Debug|Any CPU
		{D503FA58-8303-4367-8C4F-DA8D5023BCBA}.Release|Any CPU.ActiveCfg = Release|Any CPU
		{D503FA58-8303-4367-8C4F-DA8D5023BCBA}.Release|Any CPU.Build.0 = Release|Any CPU
	EndGlobalSection
	GlobalSection(SolutionProperties) = preSolution
		HideSolutionNode = FALSE
	EndGlobalSection
EndGlobal
