
Microsoft Visual Studio Solution File, Format Version 12.00
# Visual Studio Version 17
VisualStudioVersion = 17.9.34728.123
MinimumVisualStudioVersion = 10.0.40219.1
Project("{FAE04EC0-301F-11D3-BF4B-00C04F79EFBC}") = "Extract_Text_and_Highlight", "Extract_Text_and_Highlight\Extract_Text_and_Highlight.csproj", "{A643D492-A1B9-42AB-B09F-681AB0646AE4}"
EndProject
Global
	GlobalSection(SolutionConfigurationPlatforms) = preSolution
		Debug|Any CPU = Debug|Any CPU
		Release|Any CPU = Release|Any CPU
	EndGlobalSection
	GlobalSection(ProjectConfigurationPlatforms) = postSolution
		{A643D492-A1B9-42AB-B09F-681AB0646AE4}.Debug|Any CPU.ActiveCfg = Debug|Any CPU
		{A643D492-A1B9-42AB-B09F-681AB0646AE4}.Debug|Any CPU.Build.0 = Debug|Any CPU
		{A643D492-A1B9-42AB-B09F-681AB0646AE4}.Release|Any CPU.ActiveCfg = Release|Any CPU
		{A643D492-A1B9-42AB-B09F-681AB0646AE4}.Release|Any CPU.Build.0 = Release|Any CPU
	EndGlobalSection
	GlobalSection(SolutionProperties) = preSolution
		HideSolutionNode = FALSE
	EndGlobalSection
	GlobalSection(ExtensibilityGlobals) = postSolution
		SolutionGuid = {FCEFBECF-F36D-489D-8143-84B345D9937B}
	EndGlobalSection
EndGlobal
