
Microsoft Visual Studio Solution File, Format Version 12.00
# Visual Studio Version 17
VisualStudioVersion = 17.6.33723.286
MinimumVisualStudioVersion = 10.0.40219.1
Project("{FAE04EC0-301F-11D3-BF4B-00C04F79EFBC}") = "Custom_toolbar_with_save_option.", "..\Custom_toolbar_with_save_option\Custom_toolbar_with_save_option\Custom_toolbar_with_save_option..csproj", "{D281BE3D-B979-4466-9029-7D6188457386}"
EndProject
Global
	GlobalSection(SolutionConfigurationPlatforms) = preSolution
		Debug|Any CPU = Debug|Any CPU
		Release|Any CPU = Release|Any CPU
	EndGlobalSection
	GlobalSection(ProjectConfigurationPlatforms) = postSolution
		{D281BE3D-B979-4466-9029-7D6188457386}.Debug|Any CPU.ActiveCfg = Debug|Any CPU
		{D281BE3D-B979-4466-9029-7D6188457386}.Debug|Any CPU.Build.0 = Debug|Any CPU
		{D281BE3D-B979-4466-9029-7D6188457386}.Release|Any CPU.ActiveCfg = Release|Any CPU
		{D281BE3D-B979-4466-9029-7D6188457386}.Release|Any CPU.Build.0 = Release|Any CPU
	EndGlobalSection
	GlobalSection(SolutionProperties) = preSolution
		HideSolutionNode = FALSE
	EndGlobalSection
	GlobalSection(ExtensibilityGlobals) = postSolution
		SolutionGuid = {A5CC6ED1-194B-425A-89DF-8C10C4041713}
	EndGlobalSection
EndGlobal
