
Microsoft Visual Studio Solution File, Format Version 12.00
# Visual Studio Version 17
VisualStudioVersion = 17.2.32630.192
MinimumVisualStudioVersion = 10.0.40219.1
Project("{9A19103F-16F7-4668-BE54-9A1E7A4F7556}") = "Modify_the_file_name", "Modify_the_file_name.csproj", "{A29C8BE1-7AFF-4814-B694-4290D50A3F60}"
EndProject
Global
	GlobalSection(SolutionConfigurationPlatforms) = preSolution
		Debug|Any CPU = Debug|Any CPU
		Release|Any CPU = Release|Any CPU
	EndGlobalSection
	GlobalSection(ProjectConfigurationPlatforms) = postSolution
		{A29C8BE1-7AFF-4814-B694-4290D50A3F60}.Debug|Any CPU.ActiveCfg = Debug|Any CPU
		{A29C8BE1-7AFF-4814-B694-4290D50A3F60}.Debug|Any CPU.Build.0 = Debug|Any CPU
		{A29C8BE1-7AFF-4814-B694-4290D50A3F60}.Release|Any CPU.ActiveCfg = Release|Any CPU
		{A29C8BE1-7AFF-4814-B694-4290D50A3F60}.Release|Any CPU.Build.0 = Release|Any CPU
	EndGlobalSection
	GlobalSection(SolutionProperties) = preSolution
		HideSolutionNode = FALSE
	EndGlobalSection
	GlobalSection(ExtensibilityGlobals) = postSolution
		SolutionGuid = {7F0A4E1D-46DB-416C-AF37-409231354EEC}
	EndGlobalSection
EndGlobal
