
Microsoft Visual Studio Solution File, Format Version 12.00
# Visual Studio Version 17
VisualStudioVersion = 17.9.34526.213
MinimumVisualStudioVersion = 10.0.40219.1
Project("{9A19103F-16F7-4668-BE54-9A1E7A4F7556}") = "With-Default-Options", "With-Deafault-Options\With-Default-Options.csproj", "{AF1DCFB4-3440-4B78-A8E1-C48CF6A000BF}"
EndProject
Global
	GlobalSection(SolutionConfigurationPlatforms) = preSolution
		Debug|Any CPU = Debug|Any CPU
		Release|Any CPU = Release|Any CPU
	EndGlobalSection
	GlobalSection(ProjectConfigurationPlatforms) = postSolution
		{AF1DCFB4-3440-4B78-A8E1-C48CF6A000BF}.Debug|Any CPU.ActiveCfg = Debug|Any CPU
		{AF1DCFB4-3440-4B78-A8E1-C48CF6A000BF}.Debug|Any CPU.Build.0 = Debug|Any CPU
		{AF1DCFB4-3440-4B78-A8E1-C48CF6A000BF}.Release|Any CPU.ActiveCfg = Release|Any CPU
		{AF1DCFB4-3440-4B78-A8E1-C48CF6A000BF}.Release|Any CPU.Build.0 = Release|Any CPU
	EndGlobalSection
	GlobalSection(SolutionProperties) = preSolution
		HideSolutionNode = FALSE
	EndGlobalSection
	GlobalSection(ExtensibilityGlobals) = postSolution
		SolutionGuid = {FCF6BD45-9A3A-41B0-A805-2F747BBC34F3}
	EndGlobalSection
EndGlobal
