Microsoft Visual Studio Solution File, Format Version 12.00
# Visual Studio Version 17
VisualStudioVersion = 17.5.2.0
MinimumVisualStudioVersion = 10.0.40219.1
Project("{FAE04EC0-301F-11D3-BF4B-00C04F79EFBC}") = "CustomToolbar", "CustomToolbar.csproj", "{BDB4645E-EC1F-6D00-4FE7-2C6AB5166375}"
EndProject
Global
	GlobalSection(SolutionConfigurationPlatforms) = preSolution
		Debug|Any CPU = Debug|Any CPU
		Release|Any CPU = Release|Any CPU
	EndGlobalSection
	GlobalSection(ProjectConfigurationPlatforms) = postSolution
		{BDB4645E-EC1F-6D00-4FE7-2C6AB5166375}.Debug|Any CPU.ActiveCfg = Debug|Any CPU
		{BDB4645E-EC1F-6D00-4FE7-2C6AB5166375}.Debug|Any CPU.Build.0 = Debug|Any CPU
		{BDB4645E-EC1F-6D00-4FE7-2C6AB5166375}.Release|Any CPU.ActiveCfg = Release|Any CPU
		{BDB4645E-EC1F-6D00-4FE7-2C6AB5166375}.Release|Any CPU.Build.0 = Release|Any CPU
	EndGlobalSection
	GlobalSection(SolutionProperties) = preSolution
		HideSolutionNode = FALSE
	EndGlobalSection
	GlobalSection(ExtensibilityGlobals) = postSolution
		SolutionGuid = {C3C6F1FE-EC55-44FB-AE8C-A5E1FEBFEE12}
	EndGlobalSection
EndGlobal
