Microsoft Visual Studio Solution File, Format Version 12.00
# Visual Studio Version 17
VisualStudioVersion = 17.5.2.0
MinimumVisualStudioVersion = 10.0.40219.1
Project("{FAE04EC0-301F-11D3-BF4B-00C04F79EFBC}") = "Without-Default-Options", "Without-Default-Options.csproj", "{E7225293-13B0-259B-84C1-D9DEFA1249EF}"
EndProject
Global
	GlobalSection(SolutionConfigurationPlatforms) = preSolution
		Debug|Any CPU = Debug|Any CPU
		Release|Any CPU = Release|Any CPU
	EndGlobalSection
	GlobalSection(ProjectConfigurationPlatforms) = postSolution
		{E7225293-13B0-259B-84C1-D9DEFA1249EF}.Debug|Any CPU.ActiveCfg = Debug|Any CPU
		{E7225293-13B0-259B-84C1-D9DEFA1249EF}.Debug|Any CPU.Build.0 = Debug|Any CPU
		{E7225293-13B0-259B-84C1-D9DEFA1249EF}.Release|Any CPU.ActiveCfg = Release|Any CPU
		{E7225293-13B0-259B-84C1-D9DEFA1249EF}.Release|Any CPU.Build.0 = Release|Any CPU
	EndGlobalSection
	GlobalSection(SolutionProperties) = preSolution
		HideSolutionNode = FALSE
	EndGlobalSection
	GlobalSection(ExtensibilityGlobals) = postSolution
		SolutionGuid = {2A63B20D-ECF1-4D3F-8960-7F5A5716B17C}
	EndGlobalSection
EndGlobal
