
Microsoft Visual Studio Solution File, Format Version 12.00
# Visual Studio Version 17
VisualStudioVersion = 17.2.32630.192
MinimumVisualStudioVersion = 10.0.40219.1
Project("{FAE04EC0-301F-11D3-BF4B-00C04F79EFBC}") = "PDFViewerandGrid", "PDFViewerandGrid.csproj", "{F87094E5-1515-47BE-833B-034B70C1DF7D}"
EndProject
Global
	GlobalSection(SolutionConfigurationPlatforms) = preSolution
		Debug|Any CPU = Debug|Any CPU
		Release|Any CPU = Release|Any CPU
	EndGlobalSection
	GlobalSection(ProjectConfigurationPlatforms) = postSolution
		{F87094E5-1515-47BE-833B-034B70C1DF7D}.Debug|Any CPU.ActiveCfg = Debug|Any CPU
		{F87094E5-1515-47BE-833B-034B70C1DF7D}.Debug|Any CPU.Build.0 = Debug|Any CPU
		{F87094E5-1515-47BE-833B-034B70C1DF7D}.Release|Any CPU.ActiveCfg = Release|Any CPU
		{F87094E5-1515-47BE-833B-034B70C1DF7D}.Release|Any CPU.Build.0 = Release|Any CPU
	EndGlobalSection
	GlobalSection(SolutionProperties) = preSolution
		HideSolutionNode = FALSE
	EndGlobalSection
	GlobalSection(ExtensibilityGlobals) = postSolution
		SolutionGuid = {3F9A311B-B276-4CD9-9190-0205C51E935A}
	EndGlobalSection
EndGlobal
