
Microsoft Visual Studio Solution File, Format Version 12.00
# Visual Studio Version 17
VisualStudioVersion = 17.10.34902.84
MinimumVisualStudioVersion = 10.0.40219.1
Project("{FAE04EC0-301F-11D3-BF4B-00C04F79EFBC}") = "Enable_Multiline_Support", "Enable_Multiline_Support.csproj", "{35938B5B-CF23-4410-AE90-ADE4D3F2D4F5}"
EndProject
Project("{9A19103F-16F7-4668-BE54-9A1E7A4F7556}") = "Syncfusion.Blazor.SfPdfViewer", "..\..\repos\dev\ej2-blazor-source\Syncfusion.Blazor\SfPdfViewer\Syncfusion.Blazor.SfPdfViewer.csproj", "{3B217368-CE95-493E-8B79-A38AD6A4BA07}"
EndProject
Project("{9A19103F-16F7-4668-BE54-9A1E7A4F7556}") = "Syncfusion.SfPdfViewer.AspNet.Core", "..\..\repos\new\ej2-pdfviewer-blazor-server-library\Blazor\SfPdfViewer\Src\Syncfusion.SfPdfViewer.AspNet.Core.csproj", "{15C1CAAD-27B5-443E-BF51-150ED67B6504}"
EndProject
Global
	GlobalSection(SolutionConfigurationPlatforms) = preSolution
		Debug|Any CPU = Debug|Any CPU
		Release|Any CPU = Release|Any CPU
		Release-Xml|Any CPU = Release-Xml|Any CPU
	EndGlobalSection
	GlobalSection(ProjectConfigurationPlatforms) = postSolution
		{35938B5B-CF23-4410-AE90-ADE4D3F2D4F5}.Debug|Any CPU.ActiveCfg = Debug|Any CPU
		{35938B5B-CF23-4410-AE90-ADE4D3F2D4F5}.Debug|Any CPU.Build.0 = Debug|Any CPU
		{35938B5B-CF23-4410-AE90-ADE4D3F2D4F5}.Release|Any CPU.ActiveCfg = Release|Any CPU
		{35938B5B-CF23-4410-AE90-ADE4D3F2D4F5}.Release|Any CPU.Build.0 = Release|Any CPU
		{35938B5B-CF23-4410-AE90-ADE4D3F2D4F5}.Release-Xml|Any CPU.ActiveCfg = Release|Any CPU
		{35938B5B-CF23-4410-AE90-ADE4D3F2D4F5}.Release-Xml|Any CPU.Build.0 = Release|Any CPU
		{3B217368-CE95-493E-8B79-A38AD6A4BA07}.Debug|Any CPU.ActiveCfg = Debug|Any CPU
		{3B217368-CE95-493E-8B79-A38AD6A4BA07}.Debug|Any CPU.Build.0 = Debug|Any CPU
		{3B217368-CE95-493E-8B79-A38AD6A4BA07}.Release|Any CPU.ActiveCfg = Release|Any CPU
		{3B217368-CE95-493E-8B79-A38AD6A4BA07}.Release|Any CPU.Build.0 = Release|Any CPU
		{3B217368-CE95-493E-8B79-A38AD6A4BA07}.Release-Xml|Any CPU.ActiveCfg = Release|Any CPU
		{3B217368-CE95-493E-8B79-A38AD6A4BA07}.Release-Xml|Any CPU.Build.0 = Release|Any CPU
		{15C1CAAD-27B5-443E-BF51-150ED67B6504}.Debug|Any CPU.ActiveCfg = Debug|Any CPU
		{15C1CAAD-27B5-443E-BF51-150ED67B6504}.Debug|Any CPU.Build.0 = Debug|Any CPU
		{15C1CAAD-27B5-443E-BF51-150ED67B6504}.Release|Any CPU.ActiveCfg = Release|Any CPU
		{15C1CAAD-27B5-443E-BF51-150ED67B6504}.Release|Any CPU.Build.0 = Release|Any CPU
		{15C1CAAD-27B5-443E-BF51-150ED67B6504}.Release-Xml|Any CPU.ActiveCfg = Release-Xml|Any CPU
		{15C1CAAD-27B5-443E-BF51-150ED67B6504}.Release-Xml|Any CPU.Build.0 = Release-Xml|Any CPU
	EndGlobalSection
	GlobalSection(SolutionProperties) = preSolution
		HideSolutionNode = FALSE
	EndGlobalSection
	GlobalSection(ExtensibilityGlobals) = postSolution
		SolutionGuid = {04917D0E-4E97-4307-B200-E4EFDFF01B9D}
	EndGlobalSection
EndGlobal
