
Microsoft Visual Studio Solution File, Format Version 12.00
# Visual Studio Version 17
VisualStudioVersion = 17.2.32630.192
MinimumVisualStudioVersion = 10.0.40219.1
Project("{9A19103F-16F7-4668-BE54-9A1E7A4F7556}") = "PDFViewerwithSplitter", "PDFViewerwithSplitter.csproj", "{068022EB-C308-40AA-8A13-453602558BDC}"
EndProject
Global
	GlobalSection(SolutionConfigurationPlatforms) = preSolution
		Debug|Any CPU = Debug|Any CPU
		Release|Any CPU = Release|Any CPU
	EndGlobalSection
	GlobalSection(ProjectConfigurationPlatforms) = postSolution
		{068022EB-C308-40AA-8A13-453602558BDC}.Debug|Any CPU.ActiveCfg = Debug|Any CPU
		{068022EB-C308-40AA-8A13-453602558BDC}.Debug|Any CPU.Build.0 = Debug|Any CPU
		{068022EB-C308-40AA-8A13-453602558BDC}.Release|Any CPU.ActiveCfg = Release|Any CPU
		{068022EB-C308-40AA-8A13-453602558BDC}.Release|Any CPU.Build.0 = Release|Any CPU
	EndGlobalSection
	GlobalSection(SolutionProperties) = preSolution
		HideSolutionNode = FALSE
	EndGlobalSection
	GlobalSection(ExtensibilityGlobals) = postSolution
		SolutionGuid = {74268601-C9A8-48B1-A06B-CA2A13B9464D}
	EndGlobalSection
EndGlobal
