
Microsoft Visual Studio Solution File, Format Version 12.00
# Visual Studio Version 17
VisualStudioVersion = 17.8.34330.188
MinimumVisualStudioVersion = 10.0.40219.1
Project("{FAE04EC0-301F-11D3-BF4B-00C04F79EFBC}") = "Maui_DrawInk", "Maui_DrawInk\Maui_DrawInk.csproj", "{5EEEF7E5-CEF5-45F7-AB39-215F965FDE36}"
EndProject
Global
	GlobalSection(SolutionConfigurationPlatforms) = preSolution
		Debug|Any CPU = Debug|Any CPU
		Release|Any CPU = Release|Any CPU
	EndGlobalSection
	GlobalSection(ProjectConfigurationPlatforms) = postSolution
		{5EEEF7E5-CEF5-45F7-AB39-215F965FDE36}.Debug|Any CPU.ActiveCfg = Debug|Any CPU
		{5EEEF7E5-CEF5-45F7-AB39-215F965FDE36}.Debug|Any CPU.Build.0 = Debug|Any CPU
		{5EEEF7E5-CEF5-45F7-AB39-215F965FDE36}.Debug|Any CPU.Deploy.0 = Debug|Any CPU
		{5EEEF7E5-CEF5-45F7-AB39-215F965FDE36}.Release|Any CPU.ActiveCfg = Release|Any CPU
		{5EEEF7E5-CEF5-45F7-AB39-215F965FDE36}.Release|Any CPU.Build.0 = Release|Any CPU
		{5EEEF7E5-CEF5-45F7-AB39-215F965FDE36}.Release|Any CPU.Deploy.0 = Release|Any CPU
	EndGlobalSection
	GlobalSection(SolutionProperties) = preSolution
		HideSolutionNode = FALSE
	EndGlobalSection
	GlobalSection(ExtensibilityGlobals) = postSolution
		SolutionGuid = {4E2CD60C-664A-47D3-A7F7-58B2A6A5AC7C}
	EndGlobalSection
EndGlobal
