
Microsoft Visual Studio Solution File, Format Version 12.00
# Visual Studio Version 17
VisualStudioVersion = 17.2.32630.192
MinimumVisualStudioVersion = 10.0.40219.1
Project("{9A19103F-16F7-4668-BE54-9A1E7A4F7556}") = "Render_Grid_and_PDF_Viewer", "Render_Grid_and_PDF_Viewer.csproj", "{EC69FD79-1EDB-4FBC-9045-B9B8F9AA4457}"
EndProject
Global
	GlobalSection(SolutionConfigurationPlatforms) = preSolution
		Debug|Any CPU = Debug|Any CPU
		Release|Any CPU = Release|Any CPU
	EndGlobalSection
	GlobalSection(ProjectConfigurationPlatforms) = postSolution
		{EC69FD79-1EDB-4FBC-9045-B9B8F9AA4457}.Debug|Any CPU.ActiveCfg = Debug|Any CPU
		{EC69FD79-1EDB-4FBC-9045-B9B8F9AA4457}.Debug|Any CPU.Build.0 = Debug|Any CPU
		{EC69FD79-1EDB-4FBC-9045-B9B8F9AA4457}.Release|Any CPU.ActiveCfg = Release|Any CPU
		{EC69FD79-1EDB-4FBC-9045-B9B8F9AA4457}.Release|Any CPU.Build.0 = Release|Any CPU
	EndGlobalSection
	GlobalSection(SolutionProperties) = preSolution
		HideSolutionNode = FALSE
	EndGlobalSection
	GlobalSection(ExtensibilityGlobals) = postSolution
		SolutionGuid = {4580C17B-63FD-46AA-8CA1-6B722E9E4852}
	EndGlobalSection
EndGlobal
