Microsoft Visual Studio Solution File, Format Version 12.00
# Visual Studio Version 17
VisualStudioVersion = 17.5.2.0
MinimumVisualStudioVersion = 10.0.40219.1
Project("{FAE04EC0-301F-11D3-BF4B-00C04F79EFBC}") = "Add_Comment_Annotation", "Add_Comment_Annotation.csproj", "{00C774E6-E30D-96DD-1A38-873AE01A47FD}"
EndProject
Global
	GlobalSection(SolutionConfigurationPlatforms) = preSolution
		Debug|Any CPU = Debug|Any CPU
		Release|Any CPU = Release|Any CPU
	EndGlobalSection
	GlobalSection(ProjectConfigurationPlatforms) = postSolution
		{00C774E6-E30D-96DD-1A38-873AE01A47FD}.Debug|Any CPU.ActiveCfg = Debug|Any CPU
		{00C774E6-E30D-96DD-1A38-873AE01A47FD}.Debug|Any CPU.Build.0 = Debug|Any CPU
		{00C774E6-E30D-96DD-1A38-873AE01A47FD}.Release|Any CPU.ActiveCfg = Release|Any CPU
		{00C774E6-E30D-96DD-1A38-873AE01A47FD}.Release|Any CPU.Build.0 = Release|Any CPU
	EndGlobalSection
	GlobalSection(SolutionProperties) = preSolution
		HideSolutionNode = FALSE
	EndGlobalSection
	GlobalSection(ExtensibilityGlobals) = postSolution
		SolutionGuid = {F5AB43CA-2C6E-4E4D-92B5-8DE5F77009F9}
	EndGlobalSection
EndGlobal
