Microsoft Visual Studio Solution File, Format Version 12.00
# Visual Studio Version 17
VisualStudioVersion = 17.5.2.0
MinimumVisualStudioVersion = 10.0.40219.1
Project("{FAE04EC0-301F-11D3-BF4B-00C04F79EFBC}") = "Add_Stamp_Annotation", "Add_Stamp_Annotation.csproj", "{8453B3CC-9D0D-08D9-7E83-AC5157EB7F5B}"
EndProject
Global
	GlobalSection(SolutionConfigurationPlatforms) = preSolution
		Debug|Any CPU = Debug|Any CPU
		Release|Any CPU = Release|Any CPU
	EndGlobalSection
	GlobalSection(ProjectConfigurationPlatforms) = postSolution
		{8453B3CC-9D0D-08D9-7E83-AC5157EB7F5B}.Debug|Any CPU.ActiveCfg = Debug|Any CPU
		{8453B3CC-9D0D-08D9-7E83-AC5157EB7F5B}.Debug|Any CPU.Build.0 = Debug|Any CPU
		{8453B3CC-9D0D-08D9-7E83-AC5157EB7F5B}.Release|Any CPU.ActiveCfg = Release|Any CPU
		{8453B3CC-9D0D-08D9-7E83-AC5157EB7F5B}.Release|Any CPU.Build.0 = Release|Any CPU
	EndGlobalSection
	GlobalSection(SolutionProperties) = preSolution
		HideSolutionNode = FALSE
	EndGlobalSection
	GlobalSection(ExtensibilityGlobals) = postSolution
		SolutionGuid = {90D569E8-9511-4E06-A965-63A9490910CC}
	EndGlobalSection
EndGlobal
