
Microsoft Visual Studio Solution File, Format Version 12.00
# Visual Studio Version 17
VisualStudioVersion = 17.2.32630.192
MinimumVisualStudioVersion = 10.0.40219.1
Project("{9A19103F-16F7-4668-BE54-9A1E7A4F7556}") = "Render_PDF_Viewer_on_button_click", "Render_PDF_Viewer_on_button_click.csproj", "{4DACC955-D8B9-494A-B146-08ED0C0E8C18}"
EndProject
Global
	GlobalSection(SolutionConfigurationPlatforms) = preSolution
		Debug|Any CPU = Debug|Any CPU
		Release|Any CPU = Release|Any CPU
	EndGlobalSection
	GlobalSection(ProjectConfigurationPlatforms) = postSolution
		{4DACC955-D8B9-494A-B146-08ED0C0E8C18}.Debug|Any CPU.ActiveCfg = Debug|Any CPU
		{4DACC955-D8B9-494A-B146-08ED0C0E8C18}.Debug|Any CPU.Build.0 = Debug|Any CPU
		{4DACC955-D8B9-494A-B146-08ED0C0E8C18}.Release|Any CPU.ActiveCfg = Release|Any CPU
		{4DACC955-D8B9-494A-B146-08ED0C0E8C18}.Release|Any CPU.Build.0 = Release|Any CPU
	EndGlobalSection
	GlobalSection(SolutionProperties) = preSolution
		HideSolutionNode = FALSE
	EndGlobalSection
	GlobalSection(ExtensibilityGlobals) = postSolution
		SolutionGuid = {FB42E949-C889-4D9A-8E29-BAC4CF18CABC}
	EndGlobalSection
EndGlobal
