
Microsoft Visual Studio Solution File, Format Version 12.00
# Visual Studio Version 17
VisualStudioVersion = 17.13.35931.197 d17.13
MinimumVisualStudioVersion = 10.0.40219.1
Project("{FAE04EC0-301F-11D3-BF4B-00C04F79EFBC}") = "Load Custom Font From External Links", "Load Custom Font From External Links.csproj", "{8FEC0FD6-458D-499E-808F-FF5432C250DE}"
EndProject
Global
	GlobalSection(SolutionConfigurationPlatforms) = preSolution
		Debug|Any CPU = Debug|Any CPU
		Release|Any CPU = Release|Any CPU
	EndGlobalSection
	GlobalSection(ProjectConfigurationPlatforms) = postSolution
		{8FEC0FD6-458D-499E-808F-FF5432C250DE}.Debug|Any CPU.ActiveCfg = Debug|Any CPU
		{8FEC0FD6-458D-499E-808F-FF5432C250DE}.Debug|Any CPU.Build.0 = Debug|Any CPU
		{8FEC0FD6-458D-499E-808F-FF5432C250DE}.Release|Any CPU.ActiveCfg = Release|Any CPU
		{8FEC0FD6-458D-499E-808F-FF5432C250DE}.Release|Any CPU.Build.0 = Release|Any CPU
	EndGlobalSection
	GlobalSection(SolutionProperties) = preSolution
		HideSolutionNode = FALSE
	EndGlobalSection
	GlobalSection(ExtensibilityGlobals) = postSolution
		SolutionGuid = {51C498E5-95D8-4411-9F1B-2862382788F0}
	EndGlobalSection
EndGlobal
