
Microsoft Visual Studio Solution File, Format Version 12.00
# Visual Studio Version 17
VisualStudioVersion = 17.6.33723.286
MinimumVisualStudioVersion = 10.0.40219.1
Project("{FAE04EC0-301F-11D3-BF4B-00C04F79EFBC}") = "Show_or_hide_comment_panel", "Show_or_hide_comment_panel\Show_or_hide_comment_panel.csproj", "{DAE33F55-60CB-4E36-9E27-9C7922817463}"
EndProject
Global
	GlobalSection(SolutionConfigurationPlatforms) = preSolution
		Debug|Any CPU = Debug|Any CPU
		Release|Any CPU = Release|Any CPU
	EndGlobalSection
	GlobalSection(ProjectConfigurationPlatforms) = postSolution
		{DAE33F55-60CB-4E36-9E27-9C7922817463}.Debug|Any CPU.ActiveCfg = Debug|Any CPU
		{DAE33F55-60CB-4E36-9E27-9C7922817463}.Debug|Any CPU.Build.0 = Debug|Any CPU
		{DAE33F55-60CB-4E36-9E27-9C7922817463}.Release|Any CPU.ActiveCfg = Release|Any CPU
		{DAE33F55-60CB-4E36-9E27-9C7922817463}.Release|Any CPU.Build.0 = Release|Any CPU
	EndGlobalSection
	GlobalSection(SolutionProperties) = preSolution
		HideSolutionNode = FALSE
	EndGlobalSection
	GlobalSection(ExtensibilityGlobals) = postSolution
		SolutionGuid = {1B5555B6-E12B-4515-932F-97FBCB51BFC1}
	EndGlobalSection
EndGlobal
