
Microsoft Visual Studio Solution File, Format Version 12.00
# Visual Studio Version 17
VisualStudioVersion = 17.2.32630.192
MinimumVisualStudioVersion = 10.0.40219.1
Project("{9A19103F-16F7-4668-BE54-9A1E7A4F7556}") = "Load_larger_file_without_error", "Load_larger_file_without_error.csproj", "{638D7358-C970-4D4F-8EA4-DB9210A39405}"
EndProject
Global
	GlobalSection(SolutionConfigurationPlatforms) = preSolution
		Debug|Any CPU = Debug|Any CPU
		Release|Any CPU = Release|Any CPU
	EndGlobalSection
	GlobalSection(ProjectConfigurationPlatforms) = postSolution
		{638D7358-C970-4D4F-8EA4-DB9210A39405}.Debug|Any CPU.ActiveCfg = Debug|Any CPU
		{638D7358-C970-4D4F-8EA4-DB9210A39405}.Debug|Any CPU.Build.0 = Debug|Any CPU
		{638D7358-C970-4D4F-8EA4-DB9210A39405}.Release|Any CPU.ActiveCfg = Release|Any CPU
		{638D7358-C970-4D4F-8EA4-DB9210A39405}.Release|Any CPU.Build.0 = Release|Any CPU
	EndGlobalSection
	GlobalSection(SolutionProperties) = preSolution
		HideSolutionNode = FALSE
	EndGlobalSection
	GlobalSection(ExtensibilityGlobals) = postSolution
		SolutionGuid = {4DEA1E4E-A607-4DFE-B55B-AF72BBB0E0D1}
	EndGlobalSection
EndGlobal
