
Microsoft Visual Studio Solution File, Format Version 12.00
# Visual Studio Version 17
VisualStudioVersion = 17.2.32630.192
MinimumVisualStudioVersion = 10.0.40219.1
Project("{9A19103F-16F7-4668-BE54-9A1E7A4F7556}") = "Server_side_application", "Server_side_application.csproj", "{CF54DA76-E860-4261-9658-6257DA2D2FFD}"
EndProject
Global
	GlobalSection(SolutionConfigurationPlatforms) = preSolution
		Debug|Any CPU = Debug|Any CPU
		Release|Any CPU = Release|Any CPU
	EndGlobalSection
	GlobalSection(ProjectConfigurationPlatforms) = postSolution
		{CF54DA76-E860-4261-9658-6257DA2D2FFD}.Debug|Any CPU.ActiveCfg = Debug|Any CPU
		{CF54DA76-E860-4261-9658-6257DA2D2FFD}.Debug|Any CPU.Build.0 = Debug|Any CPU
		{CF54DA76-E860-4261-9658-6257DA2D2FFD}.Release|Any CPU.ActiveCfg = Release|Any CPU
		{CF54DA76-E860-4261-9658-6257DA2D2FFD}.Release|Any CPU.Build.0 = Release|Any CPU
	EndGlobalSection
	GlobalSection(SolutionProperties) = preSolution
		HideSolutionNode = FALSE
	EndGlobalSection
	GlobalSection(ExtensibilityGlobals) = postSolution
		SolutionGuid = {06277BB7-0735-4C1D-A8F5-7C78CF631A9F}
	EndGlobalSection
EndGlobal
