Microsoft Visual Studio Solution File, Format Version 12.00
# Visual Studio Version 17
VisualStudioVersion = 17.5.2.0
MinimumVisualStudioVersion = 10.0.40219.1
Project("{FAE04EC0-301F-11D3-BF4B-00C04F79EFBC}") = "Modify_the_file_name", "Modify_the_file_name.csproj", "{048B009D-9C8F-BB91-FDFA-CD8A14EE7E23}"
EndProject
Global
	GlobalSection(SolutionConfigurationPlatforms) = preSolution
		Debug|Any CPU = Debug|Any CPU
		Release|Any CPU = Release|Any CPU
	EndGlobalSection
	GlobalSection(ProjectConfigurationPlatforms) = postSolution
		{048B009D-9C8F-BB91-FDFA-CD8A14EE7E23}.Debug|Any CPU.ActiveCfg = Debug|Any CPU
		{048B009D-9C8F-BB91-FDFA-CD8A14EE7E23}.Debug|Any CPU.Build.0 = Debug|Any CPU
		{048B009D-9C8F-BB91-FDFA-CD8A14EE7E23}.Release|Any CPU.ActiveCfg = Release|Any CPU
		{048B009D-9C8F-BB91-FDFA-CD8A14EE7E23}.Release|Any CPU.Build.0 = Release|Any CPU
	EndGlobalSection
	GlobalSection(SolutionProperties) = preSolution
		HideSolutionNode = FALSE
	EndGlobalSection
	GlobalSection(ExtensibilityGlobals) = postSolution
		SolutionGuid = {784B1A07-08C1-4504-ACC3-32A786C1C61A}
	EndGlobalSection
EndGlobal
