Microsoft Visual Studio Solution File, Format Version 12.00
# Visual Studio Version 17
VisualStudioVersion = 17.5.2.0
MinimumVisualStudioVersion = 10.0.40219.1
Project("{FAE04EC0-301F-11D3-BF4B-00C04F79EFBC}") = "Render_PDF_Viewer_on_button_click", "Render_PDF_Viewer_on_button_click.csproj", "{F8C438E2-1C8A-5ADC-968E-763524D2ABCE}"
EndProject
Global
	GlobalSection(SolutionConfigurationPlatforms) = preSolution
		Debug|Any CPU = Debug|Any CPU
		Release|Any CPU = Release|Any CPU
	EndGlobalSection
	GlobalSection(ProjectConfigurationPlatforms) = postSolution
		{F8C438E2-1C8A-5ADC-968E-763524D2ABCE}.Debug|Any CPU.ActiveCfg = Debug|Any CPU
		{F8C438E2-1C8A-5ADC-968E-763524D2ABCE}.Debug|Any CPU.Build.0 = Debug|Any CPU
		{F8C438E2-1C8A-5ADC-968E-763524D2ABCE}.Release|Any CPU.ActiveCfg = Release|Any CPU
		{F8C438E2-1C8A-5ADC-968E-763524D2ABCE}.Release|Any CPU.Build.0 = Release|Any CPU
	EndGlobalSection
	GlobalSection(SolutionProperties) = preSolution
		HideSolutionNode = FALSE
	EndGlobalSection
	GlobalSection(ExtensibilityGlobals) = postSolution
		SolutionGuid = {54F2B711-AE15-4813-957B-DA910AF9422B}
	EndGlobalSection
EndGlobal
