Microsoft Visual Studio Solution File, Format Version 12.00
# Visual Studio Version 17
VisualStudioVersion = 17.5.2.0
MinimumVisualStudioVersion = 10.0.40219.1
Project("{FAE04EC0-301F-11D3-BF4B-00C04F79EFBC}") = "Load_larger_file_without_error", "Load_larger_file_without_error.csproj", "{9F36ADE4-823D-9BD7-265B-5DD7CC2543C4}"
EndProject
Global
	GlobalSection(SolutionConfigurationPlatforms) = preSolution
		Debug|Any CPU = Debug|Any CPU
		Release|Any CPU = Release|Any CPU
	EndGlobalSection
	GlobalSection(ProjectConfigurationPlatforms) = postSolution
		{9F36ADE4-823D-9BD7-265B-5DD7CC2543C4}.Debug|Any CPU.ActiveCfg = Debug|Any CPU
		{9F36ADE4-823D-9BD7-265B-5DD7CC2543C4}.Debug|Any CPU.Build.0 = Debug|Any CPU
		{9F36ADE4-823D-9BD7-265B-5DD7CC2543C4}.Release|Any CPU.ActiveCfg = Release|Any CPU
		{9F36ADE4-823D-9BD7-265B-5DD7CC2543C4}.Release|Any CPU.Build.0 = Release|Any CPU
	EndGlobalSection
	GlobalSection(SolutionProperties) = preSolution
		HideSolutionNode = FALSE
	EndGlobalSection
	GlobalSection(ExtensibilityGlobals) = postSolution
		SolutionGuid = {441575C1-C0BF-4BF8-90E9-AABCA1E34E84}
	EndGlobalSection
EndGlobal
