Microsoft Visual Studio Solution File, Format Version 12.00
# Visual Studio Version 17
VisualStudioVersion = 17.5.2.0
MinimumVisualStudioVersion = 10.0.40219.1
Project("{FAE04EC0-301F-11D3-BF4B-00C04F79EFBC}") = "Delete_Annotation", "Delete_Annotation.csproj", "{C63C9743-21AB-7DBC-A645-72797819FCED}"
EndProject
Global
	GlobalSection(SolutionConfigurationPlatforms) = preSolution
		Debug|Any CPU = Debug|Any CPU
		Release|Any CPU = Release|Any CPU
	EndGlobalSection
	GlobalSection(ProjectConfigurationPlatforms) = postSolution
		{C63C9743-21AB-7DBC-A645-72797819FCED}.Debug|Any CPU.ActiveCfg = Debug|Any CPU
		{C63C9743-21AB-7DBC-A645-72797819FCED}.Debug|Any CPU.Build.0 = Debug|Any CPU
		{C63C9743-21AB-7DBC-A645-72797819FCED}.Release|Any CPU.ActiveCfg = Release|Any CPU
		{C63C9743-21AB-7DBC-A645-72797819FCED}.Release|Any CPU.Build.0 = Release|Any CPU
	EndGlobalSection
	GlobalSection(SolutionProperties) = preSolution
		HideSolutionNode = FALSE
	EndGlobalSection
	GlobalSection(ExtensibilityGlobals) = postSolution
		SolutionGuid = {8ED9879F-E3D8-413D-8D6F-1460E18B9286}
	EndGlobalSection
EndGlobal
