
Microsoft Visual Studio Solution File, Format Version 12.00
# Visual Studio Version 17
VisualStudioVersion = 17.8.34330.188
MinimumVisualStudioVersion = 10.0.40219.1
Project("{FAE04EC0-301F-11D3-BF4B-00C04F79EFBC}") = "PdfViewerServerApp", "PdfViewerServerApp\PdfViewerServerApp.csproj", "{515989C4-5F07-4A1E-8C20-5A1C2D706079}"
EndProject
Global
	GlobalSection(SolutionConfigurationPlatforms) = preSolution
		Debug|Any CPU = Debug|Any CPU
		Release|Any CPU = Release|Any CPU
	EndGlobalSection
	GlobalSection(ProjectConfigurationPlatforms) = postSolution
		{515989C4-5F07-4A1E-8C20-5A1C2D706079}.Debug|Any CPU.ActiveCfg = Debug|Any CPU
		{515989C4-5F07-4A1E-8C20-5A1C2D706079}.Debug|Any CPU.Build.0 = Debug|Any CPU
		{515989C4-5F07-4A1E-8C20-5A1C2D706079}.Release|Any CPU.ActiveCfg = Release|Any CPU
		{515989C4-5F07-4A1E-8C20-5A1C2D706079}.Release|Any CPU.Build.0 = Release|Any CPU
	EndGlobalSection
	GlobalSection(SolutionProperties) = preSolution
		HideSolutionNode = FALSE
	EndGlobalSection
	GlobalSection(ExtensibilityGlobals) = postSolution
		SolutionGuid = {ED2C678D-B787-4D79-BF0D-579AEEF8CD8C}
	EndGlobalSection
EndGlobal
