Microsoft Visual Studio Solution File, Format Version 12.00
# Visual Studio Version 17
VisualStudioVersion = 17.5.2.0
MinimumVisualStudioVersion = 10.0.40219.1
Project("{FAE04EC0-301F-11D3-BF4B-00C04F79EFBC}") = "Edit_Shape_Annotation", "Edit_Shape_Annotation.csproj", "{6D3C8A34-1986-C351-B52B-10C74C9B3CAA}"
EndProject
Global
	GlobalSection(SolutionConfigurationPlatforms) = preSolution
		Debug|Any CPU = Debug|Any CPU
		Release|Any CPU = Release|Any CPU
	EndGlobalSection
	GlobalSection(ProjectConfigurationPlatforms) = postSolution
		{6D3C8A34-1986-C351-B52B-10C74C9B3CAA}.Debug|Any CPU.ActiveCfg = Debug|Any CPU
		{6D3C8A34-1986-C351-B52B-10C74C9B3CAA}.Debug|Any CPU.Build.0 = Debug|Any CPU
		{6D3C8A34-1986-C351-B52B-10C74C9B3CAA}.Release|Any CPU.ActiveCfg = Release|Any CPU
		{6D3C8A34-1986-C351-B52B-10C74C9B3CAA}.Release|Any CPU.Build.0 = Release|Any CPU
	EndGlobalSection
	GlobalSection(SolutionProperties) = preSolution
		HideSolutionNode = FALSE
	EndGlobalSection
	GlobalSection(ExtensibilityGlobals) = postSolution
		SolutionGuid = {76D5310E-B7FE-45E6-8228-555FCE714527}
	EndGlobalSection
EndGlobal
