
Microsoft Visual Studio Solution File, Format Version 12.00
# Visual Studio Version 17
VisualStudioVersion = 17.2.32630.192
MinimumVisualStudioVersion = 10.0.40219.1
Project("{FAE04EC0-301F-11D3-BF4B-00C04F79EFBC}") = "LoadPDFfromBase64", "LoadPDFfromBase64.csproj", "{D54974A2-CB26-4697-8B10-A419772E95BA}"
EndProject
Global
	GlobalSection(SolutionConfigurationPlatforms) = preSolution
		Debug|Any CPU = Debug|Any CPU
		Release|Any CPU = Release|Any CPU
	EndGlobalSection
	GlobalSection(ProjectConfigurationPlatforms) = postSolution
		{D54974A2-CB26-4697-8B10-A419772E95BA}.Debug|Any CPU.ActiveCfg = Debug|Any CPU
		{D54974A2-CB26-4697-8B10-A419772E95BA}.Debug|Any CPU.Build.0 = Debug|Any CPU
		{D54974A2-CB26-4697-8B10-A419772E95BA}.Release|Any CPU.ActiveCfg = Release|Any CPU
		{D54974A2-CB26-4697-8B10-A419772E95BA}.Release|Any CPU.Build.0 = Release|Any CPU
	EndGlobalSection
	GlobalSection(SolutionProperties) = preSolution
		HideSolutionNode = FALSE
	EndGlobalSection
	GlobalSection(ExtensibilityGlobals) = postSolution
		SolutionGuid = {2DCE05EC-19D6-4DB3-A77E-498C29D7CEED}
	EndGlobalSection
EndGlobal
