
Microsoft Visual Studio Solution File, Format Version 12.00
# Visual Studio Version 17
VisualStudioVersion = 17.14.36408.4 d17.14
MinimumVisualStudioVersion = 10.0.40219.1
Project("{FAE04EC0-301F-11D3-BF4B-00C04F79EFBC}") = "FreeText Annotation with enable AutoFit", "FreeText Annotation with enable AutoFit.csproj", "{8773BFA1-6DBA-41D9-AFAE-3E7012F4D407}"
EndProject
Global
	GlobalSection(SolutionConfigurationPlatforms) = preSolution
		Debug|Any CPU = Debug|Any CPU
		Release|Any CPU = Release|Any CPU
	EndGlobalSection
	GlobalSection(ProjectConfigurationPlatforms) = postSolution
		{8773BFA1-6DBA-41D9-AFAE-3E7012F4D407}.Debug|Any CPU.ActiveCfg = Debug|Any CPU
		{8773BFA1-6DBA-41D9-AFAE-3E7012F4D407}.Debug|Any CPU.Build.0 = Debug|Any CPU
		{8773BFA1-6DBA-41D9-AFAE-3E7012F4D407}.Release|Any CPU.ActiveCfg = Release|Any CPU
		{8773BFA1-6DBA-41D9-AFAE-3E7012F4D407}.Release|Any CPU.Build.0 = Release|Any CPU
	EndGlobalSection
	GlobalSection(SolutionProperties) = preSolution
		HideSolutionNode = FALSE
	EndGlobalSection
	GlobalSection(ExtensibilityGlobals) = postSolution
		SolutionGuid = {AFE30359-22D0-4894-8131-1C7059AA0790}
	EndGlobalSection
EndGlobal
