
Microsoft Visual Studio Solution File, Format Version 12.00
# Visual Studio Version 17
VisualStudioVersion = 17.2.32630.192
MinimumVisualStudioVersion = 10.0.40219.1
Project("{9A19103F-16F7-4668-BE54-9A1E7A4F7556}") = "Customize_annotation_selector", "Customize_annotation_selector.csproj", "{8C505935-5433-4233-9FE9-C60A4312FA02}"
EndProject
Global
	GlobalSection(SolutionConfigurationPlatforms) = preSolution
		Debug|Any CPU = Debug|Any CPU
		Release|Any CPU = Release|Any CPU
	EndGlobalSection
	GlobalSection(ProjectConfigurationPlatforms) = postSolution
		{8C505935-5433-4233-9FE9-C60A4312FA02}.Debug|Any CPU.ActiveCfg = Debug|Any CPU
		{8C505935-5433-4233-9FE9-C60A4312FA02}.Debug|Any CPU.Build.0 = Debug|Any CPU
		{8C505935-5433-4233-9FE9-C60A4312FA02}.Release|Any CPU.ActiveCfg = Release|Any CPU
		{8C505935-5433-4233-9FE9-C60A4312FA02}.Release|Any CPU.Build.0 = Release|Any CPU
	EndGlobalSection
	GlobalSection(SolutionProperties) = preSolution
		HideSolutionNode = FALSE
	EndGlobalSection
	GlobalSection(ExtensibilityGlobals) = postSolution
		SolutionGuid = {EA41BC20-38DA-497D-9EB3-8450F3F37534}
	EndGlobalSection
EndGlobal
