Microsoft Visual Studio Solution File, Format Version 12.00
# Visual Studio Version 17
VisualStudioVersion = 17.5.2.0
MinimumVisualStudioVersion = 10.0.40219.1
Project("{FAE04EC0-301F-11D3-BF4B-00C04F79EFBC}") = "Icon-Style-Change", "Icon-Style-Change.csproj", "{CA660EFD-DC78-3165-7D60-F4BDB3AA94F4}"
EndProject
Global
	GlobalSection(SolutionConfigurationPlatforms) = preSolution
		Debug|Any CPU = Debug|Any CPU
		Release|Any CPU = Release|Any CPU
	EndGlobalSection
	GlobalSection(ProjectConfigurationPlatforms) = postSolution
		{CA660EFD-DC78-3165-7D60-F4BDB3AA94F4}.Debug|Any CPU.ActiveCfg = Debug|Any CPU
		{CA660EFD-DC78-3165-7D60-F4BDB3AA94F4}.Debug|Any CPU.Build.0 = Debug|Any CPU
		{CA660EFD-DC78-3165-7D60-F4BDB3AA94F4}.Release|Any CPU.ActiveCfg = Release|Any CPU
		{CA660EFD-DC78-3165-7D60-F4BDB3AA94F4}.Release|Any CPU.Build.0 = Release|Any CPU
	EndGlobalSection
	GlobalSection(SolutionProperties) = preSolution
		HideSolutionNode = FALSE
	EndGlobalSection
	GlobalSection(ExtensibilityGlobals) = postSolution
		SolutionGuid = {4AD68838-51C2-4379-B0AC-F46B3AD3541D}
	EndGlobalSection
EndGlobal
