Microsoft Visual Studio Solution File, Format Version 12.00
# Visual Studio Version 17
VisualStudioVersion = 17.5.2.0
MinimumVisualStudioVersion = 10.0.40219.1
Project("{FAE04EC0-301F-11D3-BF4B-00C04F79EFBC}") = "Prevent_PDF_from_scrolling", "Prevent_PDF_from_scrolling.csproj", "{4024CA9B-4BA1-61F4-5C30-B4FC393E1716}"
EndProject
Global
	GlobalSection(SolutionConfigurationPlatforms) = preSolution
		Debug|Any CPU = Debug|Any CPU
		Release|Any CPU = Release|Any CPU
	EndGlobalSection
	GlobalSection(ProjectConfigurationPlatforms) = postSolution
		{4024CA9B-4BA1-61F4-5C30-B4FC393E1716}.Debug|Any CPU.ActiveCfg = Debug|Any CPU
		{4024CA9B-4BA1-61F4-5C30-B4FC393E1716}.Debug|Any CPU.Build.0 = Debug|Any CPU
		{4024CA9B-4BA1-61F4-5C30-B4FC393E1716}.Release|Any CPU.ActiveCfg = Release|Any CPU
		{4024CA9B-4BA1-61F4-5C30-B4FC393E1716}.Release|Any CPU.Build.0 = Release|Any CPU
	EndGlobalSection
	GlobalSection(SolutionProperties) = preSolution
		HideSolutionNode = FALSE
	EndGlobalSection
	GlobalSection(ExtensibilityGlobals) = postSolution
		SolutionGuid = {386EC418-3AF7-4B3F-B82A-C569546C87D9}
	EndGlobalSection
EndGlobal
