Microsoft Visual Studio Solution File, Format Version 12.00
# Visual Studio Version 17
VisualStudioVersion = 17.5.2.0
MinimumVisualStudioVersion = 10.0.40219.1
Project("{FAE04EC0-301F-11D3-BF4B-00C04F79EFBC}") = "PDFViewerSample", "PDFViewerSample.csproj", "{6858822D-BD18-BF29-C2F9-3F40D1D54634}"
EndProject
Global
	GlobalSection(SolutionConfigurationPlatforms) = preSolution
		Debug|Any CPU = Debug|Any CPU
		Release|Any CPU = Release|Any CPU
	EndGlobalSection
	GlobalSection(ProjectConfigurationPlatforms) = postSolution
		{6858822D-BD18-BF29-C2F9-3F40D1D54634}.Debug|Any CPU.ActiveCfg = Debug|Any CPU
		{6858822D-BD18-BF29-C2F9-3F40D1D54634}.Debug|Any CPU.Build.0 = Debug|Any CPU
		{6858822D-BD18-BF29-C2F9-3F40D1D54634}.Release|Any CPU.ActiveCfg = Release|Any CPU
		{6858822D-BD18-BF29-C2F9-3F40D1D54634}.Release|Any CPU.Build.0 = Release|Any CPU
	EndGlobalSection
	GlobalSection(SolutionProperties) = preSolution
		HideSolutionNode = FALSE
	EndGlobalSection
	GlobalSection(ExtensibilityGlobals) = postSolution
		SolutionGuid = {6F36A3E6-8DD9-4764-9CFD-4F487F00FBD0}
	EndGlobalSection
EndGlobal
