
Microsoft Visual Studio Solution File, Format Version 12.00
# Visual Studio Version 17
VisualStudioVersion = 17.2.32630.192
MinimumVisualStudioVersion = 10.0.40219.1
Project("{9A19103F-16F7-4668-BE54-9A1E7A4F7556}") = "Net5Sample", "TestApp\Net5Sample.csproj", "{6E8D6F0F-15AE-424D-BA8C-0D378969DD8A}"
EndProject
Global
	GlobalSection(SolutionConfigurationPlatforms) = preSolution
		Debug|Any CPU = Debug|Any CPU
		Release|Any CPU = Release|Any CPU
	EndGlobalSection
	GlobalSection(ProjectConfigurationPlatforms) = postSolution
		{6E8D6F0F-15AE-424D-BA8C-0D378969DD8A}.Debug|Any CPU.ActiveCfg = Debug|Any CPU
		{6E8D6F0F-15AE-424D-BA8C-0D378969DD8A}.Debug|Any CPU.Build.0 = Debug|Any CPU
		{6E8D6F0F-15AE-424D-BA8C-0D378969DD8A}.Release|Any CPU.ActiveCfg = Release|Any CPU
		{6E8D6F0F-15AE-424D-BA8C-0D378969DD8A}.Release|Any CPU.Build.0 = Release|Any CPU
	EndGlobalSection
	GlobalSection(SolutionProperties) = preSolution
		HideSolutionNode = FALSE
	EndGlobalSection
	GlobalSection(ExtensibilityGlobals) = postSolution
		SolutionGuid = {108DBB19-8DE0-4931-A418-B6E7260E8794}
	EndGlobalSection
EndGlobal
