
Microsoft Visual Studio Solution File, Format Version 12.00
# Visual Studio Version 17
VisualStudioVersion = 17.10.34902.84
MinimumVisualStudioVersion = 10.0.40219.1
Project("{FAE04EC0-301F-11D3-BF4B-00C04F79EFBC}") = "Customize_DateTimeFormat", "Customize_DateTimeFormat.csproj", "{1EE70C4E-ED83-4EEC-A9D9-237A08DAB2D4}"
EndProject
Global
	GlobalSection(SolutionConfigurationPlatforms) = preSolution
		Debug|Any CPU = Debug|Any CPU
		Release|Any CPU = Release|Any CPU
	EndGlobalSection
	GlobalSection(ProjectConfigurationPlatforms) = postSolution
		{1EE70C4E-ED83-4EEC-A9D9-237A08DAB2D4}.Debug|Any CPU.ActiveCfg = Debug|Any CPU
		{1EE70C4E-ED83-4EEC-A9D9-237A08DAB2D4}.Debug|Any CPU.Build.0 = Debug|Any CPU
		{1EE70C4E-ED83-4EEC-A9D9-237A08DAB2D4}.Release|Any CPU.ActiveCfg = Release|Any CPU
		{1EE70C4E-ED83-4EEC-A9D9-237A08DAB2D4}.Release|Any CPU.Build.0 = Release|Any CPU
	EndGlobalSection
	GlobalSection(SolutionProperties) = preSolution
		HideSolutionNode = FALSE
	EndGlobalSection
	GlobalSection(ExtensibilityGlobals) = postSolution
		SolutionGuid = {1156D724-F960-4296-AE47-861C6B8F34EB}
	EndGlobalSection
EndGlobal
