Microsoft Visual Studio Solution File, Format Version 12.00
# Visual Studio Version 17
VisualStudioVersion = 17.5.2.0
MinimumVisualStudioVersion = 10.0.40219.1
Project("{FAE04EC0-301F-11D3-BF4B-00C04F79EFBC}") = "Edit_Ink_Annotation", "Edit_Ink_Annotation.csproj", "{66FCFC0D-8215-4EFA-6388-0839625D54B5}"
EndProject
Global
	GlobalSection(SolutionConfigurationPlatforms) = preSolution
		Debug|Any CPU = Debug|Any CPU
		Release|Any CPU = Release|Any CPU
	EndGlobalSection
	GlobalSection(ProjectConfigurationPlatforms) = postSolution
		{66FCFC0D-8215-4EFA-6388-0839625D54B5}.Debug|Any CPU.ActiveCfg = Debug|Any CPU
		{66FCFC0D-8215-4EFA-6388-0839625D54B5}.Debug|Any CPU.Build.0 = Debug|Any CPU
		{66FCFC0D-8215-4EFA-6388-0839625D54B5}.Release|Any CPU.ActiveCfg = Release|Any CPU
		{66FCFC0D-8215-4EFA-6388-0839625D54B5}.Release|Any CPU.Build.0 = Release|Any CPU
	EndGlobalSection
	GlobalSection(SolutionProperties) = preSolution
		HideSolutionNode = FALSE
	EndGlobalSection
	GlobalSection(ExtensibilityGlobals) = postSolution
		SolutionGuid = {1CD14359-A89D-46F8-857D-955A9B466DEC}
	EndGlobalSection
EndGlobal
