Microsoft Visual Studio Solution File, Format Version 12.00
# Visual Studio Version 17
VisualStudioVersion = 17.5.2.0
MinimumVisualStudioVersion = 10.0.40219.1
Project("{FAE04EC0-301F-11D3-BF4B-00C04F79EFBC}") = "Add_Ink_Annotation", "Add_Ink_Annotation.csproj", "{45C0DF38-88F7-CD65-EE65-66AF8F5C4471}"
EndProject
Global
	GlobalSection(SolutionConfigurationPlatforms) = preSolution
		Debug|Any CPU = Debug|Any CPU
		Release|Any CPU = Release|Any CPU
	EndGlobalSection
	GlobalSection(ProjectConfigurationPlatforms) = postSolution
		{45C0DF38-88F7-CD65-EE65-66AF8F5C4471}.Debug|Any CPU.ActiveCfg = Debug|Any CPU
		{45C0DF38-88F7-CD65-EE65-66AF8F5C4471}.Debug|Any CPU.Build.0 = Debug|Any CPU
		{45C0DF38-88F7-CD65-EE65-66AF8F5C4471}.Release|Any CPU.ActiveCfg = Release|Any CPU
		{45C0DF38-88F7-CD65-EE65-66AF8F5C4471}.Release|Any CPU.Build.0 = Release|Any CPU
	EndGlobalSection
	GlobalSection(SolutionProperties) = preSolution
		HideSolutionNode = FALSE
	EndGlobalSection
	GlobalSection(ExtensibilityGlobals) = postSolution
		SolutionGuid = {EF34E1AF-57CA-4EF4-9ACE-845137A8E34D}
	EndGlobalSection
EndGlobal
