Microsoft Visual Studio Solution File, Format Version 12.00
# Visual Studio Version 17
VisualStudioVersion = 17.5.2.0
MinimumVisualStudioVersion = 10.0.40219.1
Project("{FAE04EC0-301F-11D3-BF4B-00C04F79EFBC}") = "Document_editing_status", "Document_editing_status.csproj", "{E375B06B-7060-28F6-97F4-20F69D0239AF}"
EndProject
Global
	GlobalSection(SolutionConfigurationPlatforms) = preSolution
		Debug|Any CPU = Debug|Any CPU
		Release|Any CPU = Release|Any CPU
	EndGlobalSection
	GlobalSection(ProjectConfigurationPlatforms) = postSolution
		{E375B06B-7060-28F6-97F4-20F69D0239AF}.Debug|Any CPU.ActiveCfg = Debug|Any CPU
		{E375B06B-7060-28F6-97F4-20F69D0239AF}.Debug|Any CPU.Build.0 = Debug|Any CPU
		{E375B06B-7060-28F6-97F4-20F69D0239AF}.Release|Any CPU.ActiveCfg = Release|Any CPU
		{E375B06B-7060-28F6-97F4-20F69D0239AF}.Release|Any CPU.Build.0 = Release|Any CPU
	EndGlobalSection
	GlobalSection(SolutionProperties) = preSolution
		HideSolutionNode = FALSE
	EndGlobalSection
	GlobalSection(ExtensibilityGlobals) = postSolution
		SolutionGuid = {E992F484-5904-49EB-9C75-C464C0027F35}
	EndGlobalSection
EndGlobal
