
Microsoft Visual Studio Solution File, Format Version 12.00
# Visual Studio Version 17
VisualStudioVersion = 17.8.34330.188
MinimumVisualStudioVersion = 10.0.40219.1
Project("{FAE04EC0-301F-11D3-BF4B-00C04F79EFBC}") = "Maui_TextMarkup", "Maui_TextMarkup\Maui_TextMarkup.csproj", "{F4DBE7D9-DCA6-4E3B-B31A-CBB019CF90CB}"
EndProject
Global
	GlobalSection(SolutionConfigurationPlatforms) = preSolution
		Debug|Any CPU = Debug|Any CPU
		Release|Any CPU = Release|Any CPU
	EndGlobalSection
	GlobalSection(ProjectConfigurationPlatforms) = postSolution
		{F4DBE7D9-DCA6-4E3B-B31A-CBB019CF90CB}.Debug|Any CPU.ActiveCfg = Debug|Any CPU
		{F4DBE7D9-DCA6-4E3B-B31A-CBB019CF90CB}.Debug|Any CPU.Build.0 = Debug|Any CPU
		{F4DBE7D9-DCA6-4E3B-B31A-CBB019CF90CB}.Debug|Any CPU.Deploy.0 = Debug|Any CPU
		{F4DBE7D9-DCA6-4E3B-B31A-CBB019CF90CB}.Release|Any CPU.ActiveCfg = Release|Any CPU
		{F4DBE7D9-DCA6-4E3B-B31A-CBB019CF90CB}.Release|Any CPU.Build.0 = Release|Any CPU
		{F4DBE7D9-DCA6-4E3B-B31A-CBB019CF90CB}.Release|Any CPU.Deploy.0 = Release|Any CPU
	EndGlobalSection
	GlobalSection(SolutionProperties) = preSolution
		HideSolutionNode = FALSE
	EndGlobalSection
	GlobalSection(ExtensibilityGlobals) = postSolution
		SolutionGuid = {044F7ADC-28C6-484E-A8E2-00495E5A028A}
	EndGlobalSection
EndGlobal
