Microsoft Visual Studio Solution File, Format Version 12.00
# Visual Studio Version 17
VisualStudioVersion = 17.5.2.0
MinimumVisualStudioVersion = 10.0.40219.1
Project("{FAE04EC0-301F-11D3-BF4B-00C04F79EFBC}") = "Load_a_PDF_using_created_event", "Load_a_PDF_using_created_event.csproj", "{1D99F0FF-5844-23B9-0430-6B24705F9480}"
EndProject
Global
	GlobalSection(SolutionConfigurationPlatforms) = preSolution
		Debug|Any CPU = Debug|Any CPU
		Release|Any CPU = Release|Any CPU
	EndGlobalSection
	GlobalSection(ProjectConfigurationPlatforms) = postSolution
		{1D99F0FF-5844-23B9-0430-6B24705F9480}.Debug|Any CPU.ActiveCfg = Debug|Any CPU
		{1D99F0FF-5844-23B9-0430-6B24705F9480}.Debug|Any CPU.Build.0 = Debug|Any CPU
		{1D99F0FF-5844-23B9-0430-6B24705F9480}.Release|Any CPU.ActiveCfg = Release|Any CPU
		{1D99F0FF-5844-23B9-0430-6B24705F9480}.Release|Any CPU.Build.0 = Release|Any CPU
	EndGlobalSection
	GlobalSection(SolutionProperties) = preSolution
		HideSolutionNode = FALSE
	EndGlobalSection
	GlobalSection(ExtensibilityGlobals) = postSolution
		SolutionGuid = {EB49CBA8-AA9D-48EE-97B6-EF9982807346}
	EndGlobalSection
EndGlobal
