
Microsoft Visual Studio Solution File, Format Version 12.00
# Visual Studio Version 17
VisualStudioVersion = 17.6.33723.286
MinimumVisualStudioVersion = 10.0.40219.1
Project("{FAE04EC0-301F-11D3-BF4B-00C04F79EFBC}") = "Add_a_custom_stamp", "Add_a_custom_stamp\Add_a_custom_stamp.csproj", "{130BF7BE-CFF9-4E16-B6B2-90E285F44C25}"
EndProject
Global
	GlobalSection(SolutionConfigurationPlatforms) = preSolution
		Debug|Any CPU = Debug|Any CPU
		Release|Any CPU = Release|Any CPU
	EndGlobalSection
	GlobalSection(ProjectConfigurationPlatforms) = postSolution
		{130BF7BE-CFF9-4E16-B6B2-90E285F44C25}.Debug|Any CPU.ActiveCfg = Debug|Any CPU
		{130BF7BE-CFF9-4E16-B6B2-90E285F44C25}.Debug|Any CPU.Build.0 = Debug|Any CPU
		{130BF7BE-CFF9-4E16-B6B2-90E285F44C25}.Release|Any CPU.ActiveCfg = Release|Any CPU
		{130BF7BE-CFF9-4E16-B6B2-90E285F44C25}.Release|Any CPU.Build.0 = Release|Any CPU
	EndGlobalSection
	GlobalSection(SolutionProperties) = preSolution
		HideSolutionNode = FALSE
	EndGlobalSection
	GlobalSection(ExtensibilityGlobals) = postSolution
		SolutionGuid = {34B90708-656D-4C09-959B-8413D1C50430}
	EndGlobalSection
EndGlobal
