
Microsoft Visual Studio Solution File, Format Version 12.00
# Visual Studio Version 17
VisualStudioVersion = 17.10.34607.79
MinimumVisualStudioVersion = 10.0.40219.1
Project("{FAE04EC0-301F-11D3-BF4B-00C04F79EFBC}") = "CustomToolbar", "CustomToolbar\CustomToolbar.csproj", "{7159B758-ACD2-4275-B2C9-6F72ADE23ED5}"
EndProject
Global
	GlobalSection(SolutionConfigurationPlatforms) = preSolution
		Debug|Any CPU = Debug|Any CPU
		Release|Any CPU = Release|Any CPU
	EndGlobalSection
	GlobalSection(ProjectConfigurationPlatforms) = postSolution
		{7159B758-ACD2-4275-B2C9-6F72ADE23ED5}.Debug|Any CPU.ActiveCfg = Debug|Any CPU
		{7159B758-ACD2-4275-B2C9-6F72ADE23ED5}.Debug|Any CPU.Build.0 = Debug|Any CPU
		{7159B758-ACD2-4275-B2C9-6F72ADE23ED5}.Release|Any CPU.ActiveCfg = Release|Any CPU
		{7159B758-ACD2-4275-B2C9-6F72ADE23ED5}.Release|Any CPU.Build.0 = Release|Any CPU
	EndGlobalSection
	GlobalSection(SolutionProperties) = preSolution
		HideSolutionNode = FALSE
	EndGlobalSection
	GlobalSection(ExtensibilityGlobals) = postSolution
		SolutionGuid = {DBDD3F7E-46A1-4658-8AF0-6F58C15ACC92}
	EndGlobalSection
EndGlobal
