
Microsoft Visual Studio Solution File, Format Version 12.00
# Visual Studio Version 17
VisualStudioVersion = 17.11.35208.52
MinimumVisualStudioVersion = 10.0.40219.1
Project("{FAE04EC0-301F-11D3-BF4B-00C04F79EFBC}") = "Delete a annotationCollection", "Delete a annotationCollection\Delete a annotationCollection.csproj", "{93B8CB29-06A5-46CD-AB40-5B6D30B95A46}"
EndProject
Global
	GlobalSection(SolutionConfigurationPlatforms) = preSolution
		Debug|Any CPU = Debug|Any CPU
		Release|Any CPU = Release|Any CPU
	EndGlobalSection
	GlobalSection(ProjectConfigurationPlatforms) = postSolution
		{93B8CB29-06A5-46CD-AB40-5B6D30B95A46}.Debug|Any CPU.ActiveCfg = Debug|Any CPU
		{93B8CB29-06A5-46CD-AB40-5B6D30B95A46}.Debug|Any CPU.Build.0 = Debug|Any CPU
		{93B8CB29-06A5-46CD-AB40-5B6D30B95A46}.Release|Any CPU.ActiveCfg = Release|Any CPU
		{93B8CB29-06A5-46CD-AB40-5B6D30B95A46}.Release|Any CPU.Build.0 = Release|Any CPU
	EndGlobalSection
	GlobalSection(SolutionProperties) = preSolution
		HideSolutionNode = FALSE
	EndGlobalSection
	GlobalSection(ExtensibilityGlobals) = postSolution
		SolutionGuid = {EE9B89B8-E761-44E5-A84D-05A4F951BB61}
	EndGlobalSection
EndGlobal
