Microsoft Visual Studio Solution File, Format Version 12.00
# Visual Studio Version 17
VisualStudioVersion = 17.5.2.0
MinimumVisualStudioVersion = 10.0.40219.1
Project("{FAE04EC0-301F-11D3-BF4B-00C04F79EFBC}") = "Enable_TextMarkup_Resizer", "Enable_TextMarkup_Resizer.csproj", "{BCDACE36-3960-D58A-D3DC-A637D76E51F3}"
EndProject
Global
	GlobalSection(SolutionConfigurationPlatforms) = preSolution
		Debug|Any CPU = Debug|Any CPU
		Release|Any CPU = Release|Any CPU
	EndGlobalSection
	GlobalSection(ProjectConfigurationPlatforms) = postSolution
		{BCDACE36-3960-D58A-D3DC-A637D76E51F3}.Debug|Any CPU.ActiveCfg = Debug|Any CPU
		{BCDACE36-3960-D58A-D3DC-A637D76E51F3}.Debug|Any CPU.Build.0 = Debug|Any CPU
		{BCDACE36-3960-D58A-D3DC-A637D76E51F3}.Release|Any CPU.ActiveCfg = Release|Any CPU
		{BCDACE36-3960-D58A-D3DC-A637D76E51F3}.Release|Any CPU.Build.0 = Release|Any CPU
	EndGlobalSection
	GlobalSection(SolutionProperties) = preSolution
		HideSolutionNode = FALSE
	EndGlobalSection
	GlobalSection(ExtensibilityGlobals) = postSolution
		SolutionGuid = {018A500F-B2A1-4771-814E-9B8BD9C58B6B}
	EndGlobalSection
EndGlobal
