
Microsoft Visual Studio Solution File, Format Version 12.00
# Visual Studio Version 17
VisualStudioVersion = 17.8.34330.188
MinimumVisualStudioVersion = 10.0.40219.1
Project("{FAE04EC0-301F-11D3-BF4B-00C04F79EFBC}") = "Maui_FreeText", "Maui_FreeText\Maui_FreeText.csproj", "{1ABEC9CA-6F53-4D8D-A70A-5E227C060613}"
EndProject
Global
	GlobalSection(SolutionConfigurationPlatforms) = preSolution
		Debug|Any CPU = Debug|Any CPU
		Release|Any CPU = Release|Any CPU
	EndGlobalSection
	GlobalSection(ProjectConfigurationPlatforms) = postSolution
		{1ABEC9CA-6F53-4D8D-A70A-5E227C060613}.Debug|Any CPU.ActiveCfg = Debug|Any CPU
		{1ABEC9CA-6F53-4D8D-A70A-5E227C060613}.Debug|Any CPU.Build.0 = Debug|Any CPU
		{1ABEC9CA-6F53-4D8D-A70A-5E227C060613}.Debug|Any CPU.Deploy.0 = Debug|Any CPU
		{1ABEC9CA-6F53-4D8D-A70A-5E227C060613}.Release|Any CPU.ActiveCfg = Release|Any CPU
		{1ABEC9CA-6F53-4D8D-A70A-5E227C060613}.Release|Any CPU.Build.0 = Release|Any CPU
		{1ABEC9CA-6F53-4D8D-A70A-5E227C060613}.Release|Any CPU.Deploy.0 = Release|Any CPU
	EndGlobalSection
	GlobalSection(SolutionProperties) = preSolution
		HideSolutionNode = FALSE
	EndGlobalSection
	GlobalSection(ExtensibilityGlobals) = postSolution
		SolutionGuid = {679C8AFD-1EF5-4B6F-A1C7-C6AC8FE868DC}
	EndGlobalSection
EndGlobal
