
Microsoft Visual Studio Solution File, Format Version 12.00
# Visual Studio Version 17
VisualStudioVersion = 17.2.32630.192
MinimumVisualStudioVersion = 10.0.40219.1
Project("{9A19103F-16F7-4668-BE54-9A1E7A4F7556}") = "Custom_toolbar_with_PNG_image", "Custom_toolbar_with_PNG_image.csproj", "{3ADD6697-EB5B-4FCB-8681-BF5276A258CD}"
EndProject
Global
	GlobalSection(SolutionConfigurationPlatforms) = preSolution
		Debug|Any CPU = Debug|Any CPU
		Release|Any CPU = Release|Any CPU
	EndGlobalSection
	GlobalSection(ProjectConfigurationPlatforms) = postSolution
		{3ADD6697-EB5B-4FCB-8681-BF5276A258CD}.Debug|Any CPU.ActiveCfg = Debug|Any CPU
		{3ADD6697-EB5B-4FCB-8681-BF5276A258CD}.Debug|Any CPU.Build.0 = Debug|Any CPU
		{3ADD6697-EB5B-4FCB-8681-BF5276A258CD}.Release|Any CPU.ActiveCfg = Release|Any CPU
		{3ADD6697-EB5B-4FCB-8681-BF5276A258CD}.Release|Any CPU.Build.0 = Release|Any CPU
	EndGlobalSection
	GlobalSection(SolutionProperties) = preSolution
		HideSolutionNode = FALSE
	EndGlobalSection
	GlobalSection(ExtensibilityGlobals) = postSolution
		SolutionGuid = {4A5FB832-9555-48C3-9409-ED69081AE3C7}
	EndGlobalSection
EndGlobal
