
Microsoft Visual Studio Solution File, Format Version 12.00
# Visual Studio Version 17
VisualStudioVersion = 17.2.32630.192
MinimumVisualStudioVersion = 10.0.40219.1
Project("{9A19103F-16F7-4668-BE54-9A1E7A4F7556}") = "PDF_Viewer_in_a_Dialog", "PDF_Viewer_in_a_Dialog.csproj", "{319A68DB-B0FE-4557-97D1-9563E6A127C1}"
EndProject
Global
	GlobalSection(SolutionConfigurationPlatforms) = preSolution
		Debug|Any CPU = Debug|Any CPU
		Release|Any CPU = Release|Any CPU
	EndGlobalSection
	GlobalSection(ProjectConfigurationPlatforms) = postSolution
		{319A68DB-B0FE-4557-97D1-9563E6A127C1}.Debug|Any CPU.ActiveCfg = Debug|Any CPU
		{319A68DB-B0FE-4557-97D1-9563E6A127C1}.Debug|Any CPU.Build.0 = Debug|Any CPU
		{319A68DB-B0FE-4557-97D1-9563E6A127C1}.Release|Any CPU.ActiveCfg = Release|Any CPU
		{319A68DB-B0FE-4557-97D1-9563E6A127C1}.Release|Any CPU.Build.0 = Release|Any CPU
	EndGlobalSection
	GlobalSection(SolutionProperties) = preSolution
		HideSolutionNode = FALSE
	EndGlobalSection
	GlobalSection(ExtensibilityGlobals) = postSolution
		SolutionGuid = {C81EA252-E6E1-4588-98F7-B135E18440A7}
	EndGlobalSection
EndGlobal
