
Microsoft Visual Studio Solution File, Format Version 12.00
# Visual Studio Version 17
VisualStudioVersion = 17.2.32630.192
MinimumVisualStudioVersion = 10.0.40219.1
Project("{FAE04EC0-301F-11D3-BF4B-00C04F79EFBC}") = "LoadPDFfromUrl", "LoadPDFfromUrl.csproj", "{1B385984-F2B9-4D7E-AB2F-E5BB1F7D08EC}"
EndProject
Global
	GlobalSection(SolutionConfigurationPlatforms) = preSolution
		Debug|Any CPU = Debug|Any CPU
		Release|Any CPU = Release|Any CPU
	EndGlobalSection
	GlobalSection(ProjectConfigurationPlatforms) = postSolution
		{1B385984-F2B9-4D7E-AB2F-E5BB1F7D08EC}.Debug|Any CPU.ActiveCfg = Debug|Any CPU
		{1B385984-F2B9-4D7E-AB2F-E5BB1F7D08EC}.Debug|Any CPU.Build.0 = Debug|Any CPU
		{1B385984-F2B9-4D7E-AB2F-E5BB1F7D08EC}.Release|Any CPU.ActiveCfg = Release|Any CPU
		{1B385984-F2B9-4D7E-AB2F-E5BB1F7D08EC}.Release|Any CPU.Build.0 = Release|Any CPU
	EndGlobalSection
	GlobalSection(SolutionProperties) = preSolution
		HideSolutionNode = FALSE
	EndGlobalSection
	GlobalSection(ExtensibilityGlobals) = postSolution
		SolutionGuid = {FDD7839A-6A00-48FB-8D55-8CCABEFD9A4F}
	EndGlobalSection
EndGlobal
