Microsoft Visual Studio Solution File, Format Version 12.00
# Visual Studio Version 17
VisualStudioVersion = 17.5.2.0
MinimumVisualStudioVersion = 10.0.40219.1
Project("{FAE04EC0-301F-11D3-BF4B-00C04F79EFBC}") = "Load_a_PDF_from_memory_stream", "Load_a_PDF_from_memory_stream.csproj", "{2372E56E-E4F3-9E20-0E27-AEC32423E1DC}"
EndProject
Global
	GlobalSection(SolutionConfigurationPlatforms) = preSolution
		Debug|Any CPU = Debug|Any CPU
		Release|Any CPU = Release|Any CPU
	EndGlobalSection
	GlobalSection(ProjectConfigurationPlatforms) = postSolution
		{2372E56E-E4F3-9E20-0E27-AEC32423E1DC}.Debug|Any CPU.ActiveCfg = Debug|Any CPU
		{2372E56E-E4F3-9E20-0E27-AEC32423E1DC}.Debug|Any CPU.Build.0 = Debug|Any CPU
		{2372E56E-E4F3-9E20-0E27-AEC32423E1DC}.Release|Any CPU.ActiveCfg = Release|Any CPU
		{2372E56E-E4F3-9E20-0E27-AEC32423E1DC}.Release|Any CPU.Build.0 = Release|Any CPU
	EndGlobalSection
	GlobalSection(SolutionProperties) = preSolution
		HideSolutionNode = FALSE
	EndGlobalSection
	GlobalSection(ExtensibilityGlobals) = postSolution
		SolutionGuid = {CC393E3B-7BB9-4027-8E16-B2532E578369}
	EndGlobalSection
EndGlobal
