Microsoft Visual Studio Solution File, Format Version 12.00
# Visual Studio Version 17
VisualStudioVersion = 17.5.2.0
MinimumVisualStudioVersion = 10.0.40219.1
Project("{FAE04EC0-301F-11D3-BF4B-00C04F79EFBC}") = "Customize_Annotation_Selector", "Customize_Annotation_Selector.csproj", "{6639CE42-DF26-CD71-56E4-3232012E5F37}"
EndProject
Global
	GlobalSection(SolutionConfigurationPlatforms) = preSolution
		Debug|Any CPU = Debug|Any CPU
		Release|Any CPU = Release|Any CPU
	EndGlobalSection
	GlobalSection(ProjectConfigurationPlatforms) = postSolution
		{6639CE42-DF26-CD71-56E4-3232012E5F37}.Debug|Any CPU.ActiveCfg = Debug|Any CPU
		{6639CE42-DF26-CD71-56E4-3232012E5F37}.Debug|Any CPU.Build.0 = Debug|Any CPU
		{6639CE42-DF26-CD71-56E4-3232012E5F37}.Release|Any CPU.ActiveCfg = Release|Any CPU
		{6639CE42-DF26-CD71-56E4-3232012E5F37}.Release|Any CPU.Build.0 = Release|Any CPU
	EndGlobalSection
	GlobalSection(SolutionProperties) = preSolution
		HideSolutionNode = FALSE
	EndGlobalSection
	GlobalSection(ExtensibilityGlobals) = postSolution
		SolutionGuid = {14762E53-8DA8-4CF0-BDAF-9FBEE12DC81A}
	EndGlobalSection
EndGlobal
