
Microsoft Visual Studio Solution File, Format Version 12.00
# Visual Studio Version 17
VisualStudioVersion = 17.6.33723.286
MinimumVisualStudioVersion = 10.0.40219.1
Project("{FAE04EC0-301F-11D3-BF4B-00C04F79EFBC}") = "Edit_Measurement_Annotation", "Edit Measurement Annotation\Edit_Measurement_Annotation.csproj", "{78DC7667-A81E-40B3-9A6C-399B045014E6}"
EndProject
Global
	GlobalSection(SolutionConfigurationPlatforms) = preSolution
		Debug|Any CPU = Debug|Any CPU
		Release|Any CPU = Release|Any CPU
	EndGlobalSection
	GlobalSection(ProjectConfigurationPlatforms) = postSolution
		{78DC7667-A81E-40B3-9A6C-399B045014E6}.Debug|Any CPU.ActiveCfg = Debug|Any CPU
		{78DC7667-A81E-40B3-9A6C-399B045014E6}.Debug|Any CPU.Build.0 = Debug|Any CPU
		{78DC7667-A81E-40B3-9A6C-399B045014E6}.Release|Any CPU.ActiveCfg = Release|Any CPU
		{78DC7667-A81E-40B3-9A6C-399B045014E6}.Release|Any CPU.Build.0 = Release|Any CPU
	EndGlobalSection
	GlobalSection(SolutionProperties) = preSolution
		HideSolutionNode = FALSE
	EndGlobalSection
	GlobalSection(ExtensibilityGlobals) = postSolution
		SolutionGuid = {13493F4D-F5A1-4814-A71A-D91AA516603F}
	EndGlobalSection
EndGlobal
