
Microsoft Visual Studio Solution File, Format Version 12.00
# Visual Studio Version 17
VisualStudioVersion = 17.6.33723.286
MinimumVisualStudioVersion = 10.0.40219.1
Project("{FAE04EC0-301F-11D3-BF4B-00C04F79EFBC}") = "Annotations_as_JSON_object", "Annotations_as_JSON_object\Annotations_as_JSON_object.csproj", "{2C42416F-9098-4755-914A-F8B3A3FB5856}"
EndProject
Global
	GlobalSection(SolutionConfigurationPlatforms) = preSolution
		Debug|Any CPU = Debug|Any CPU
		Release|Any CPU = Release|Any CPU
	EndGlobalSection
	GlobalSection(ProjectConfigurationPlatforms) = postSolution
		{2C42416F-9098-4755-914A-F8B3A3FB5856}.Debug|Any CPU.ActiveCfg = Debug|Any CPU
		{2C42416F-9098-4755-914A-F8B3A3FB5856}.Debug|Any CPU.Build.0 = Debug|Any CPU
		{2C42416F-9098-4755-914A-F8B3A3FB5856}.Release|Any CPU.ActiveCfg = Release|Any CPU
		{2C42416F-9098-4755-914A-F8B3A3FB5856}.Release|Any CPU.Build.0 = Release|Any CPU
	EndGlobalSection
	GlobalSection(SolutionProperties) = preSolution
		HideSolutionNode = FALSE
	EndGlobalSection
	GlobalSection(ExtensibilityGlobals) = postSolution
		SolutionGuid = {3BE58FDB-CF14-4B25-9CE4-27BDEA6181F2}
	EndGlobalSection
EndGlobal
