
Microsoft Visual Studio Solution File, Format Version 12.00
# Visual Studio Version 17
VisualStudioVersion = 17.6.33723.286
MinimumVisualStudioVersion = 10.0.40219.1
Project("{FAE04EC0-301F-11D3-BF4B-00C04F79EFBC}") = "Custom_toolbar_with_PNG_image", "Custom_toolbar_with_PNG_image\Custom_toolbar_with_PNG_image.csproj", "{072F7DEA-3525-450C-9071-B798B53A7C2E}"
EndProject
Global
	GlobalSection(SolutionConfigurationPlatforms) = preSolution
		Debug|Any CPU = Debug|Any CPU
		Release|Any CPU = Release|Any CPU
	EndGlobalSection
	GlobalSection(ProjectConfigurationPlatforms) = postSolution
		{072F7DEA-3525-450C-9071-B798B53A7C2E}.Debug|Any CPU.ActiveCfg = Debug|Any CPU
		{072F7DEA-3525-450C-9071-B798B53A7C2E}.Debug|Any CPU.Build.0 = Debug|Any CPU
		{072F7DEA-3525-450C-9071-B798B53A7C2E}.Release|Any CPU.ActiveCfg = Release|Any CPU
		{072F7DEA-3525-450C-9071-B798B53A7C2E}.Release|Any CPU.Build.0 = Release|Any CPU
	EndGlobalSection
	GlobalSection(SolutionProperties) = preSolution
		HideSolutionNode = FALSE
	EndGlobalSection
	GlobalSection(ExtensibilityGlobals) = postSolution
		SolutionGuid = {5C7CAA40-A3FF-448A-9FA1-EE5AFBEF0FA6}
	EndGlobalSection
EndGlobal
