Microsoft Visual Studio Solution File, Format Version 12.00
# Visual Studio Version 17
VisualStudioVersion = 17.5.2.0
MinimumVisualStudioVersion = 10.0.40219.1
Project("{FAE04EC0-301F-11D3-BF4B-00C04F79EFBC}") = "Add_Textmarkup_Annotation", "Add_Textmarkup_Annotation.csproj", "{AE79A595-A295-00CB-1739-F2F2B82A7CE2}"
EndProject
Global
	GlobalSection(SolutionConfigurationPlatforms) = preSolution
		Debug|Any CPU = Debug|Any CPU
		Release|Any CPU = Release|Any CPU
	EndGlobalSection
	GlobalSection(ProjectConfigurationPlatforms) = postSolution
		{AE79A595-A295-00CB-1739-F2F2B82A7CE2}.Debug|Any CPU.ActiveCfg = Debug|Any CPU
		{AE79A595-A295-00CB-1739-F2F2B82A7CE2}.Debug|Any CPU.Build.0 = Debug|Any CPU
		{AE79A595-A295-00CB-1739-F2F2B82A7CE2}.Release|Any CPU.ActiveCfg = Release|Any CPU
		{AE79A595-A295-00CB-1739-F2F2B82A7CE2}.Release|Any CPU.Build.0 = Release|Any CPU
	EndGlobalSection
	GlobalSection(SolutionProperties) = preSolution
		HideSolutionNode = FALSE
	EndGlobalSection
	GlobalSection(ExtensibilityGlobals) = postSolution
		SolutionGuid = {5F450EE7-5FB8-4895-A542-A47F514F81F5}
	EndGlobalSection
EndGlobal
