
Microsoft Visual Studio Solution File, Format Version 12.00
# Visual Studio Version 17
VisualStudioVersion = 17.2.32630.192
MinimumVisualStudioVersion = 10.0.40219.1
Project("{9A19103F-16F7-4668-BE54-9A1E7A4F7556}") = "Script_reference_sample", "Script_reference_sample.csproj", "{53006489-5ED6-4C01-A38A-73A37E825403}"
EndProject
Global
	GlobalSection(SolutionConfigurationPlatforms) = preSolution
		Debug|Any CPU = Debug|Any CPU
		Release|Any CPU = Release|Any CPU
	EndGlobalSection
	GlobalSection(ProjectConfigurationPlatforms) = postSolution
		{53006489-5ED6-4C01-A38A-73A37E825403}.Debug|Any CPU.ActiveCfg = Debug|Any CPU
		{53006489-5ED6-4C01-A38A-73A37E825403}.Debug|Any CPU.Build.0 = Debug|Any CPU
		{53006489-5ED6-4C01-A38A-73A37E825403}.Release|Any CPU.ActiveCfg = Release|Any CPU
		{53006489-5ED6-4C01-A38A-73A37E825403}.Release|Any CPU.Build.0 = Release|Any CPU
	EndGlobalSection
	GlobalSection(SolutionProperties) = preSolution
		HideSolutionNode = FALSE
	EndGlobalSection
	GlobalSection(ExtensibilityGlobals) = postSolution
		SolutionGuid = {8E23555B-5FD6-40E8-9924-28F99FF4E18D}
	EndGlobalSection
EndGlobal
