
Microsoft Visual Studio Solution File, Format Version 12.00
# Visual Studio Version 17
VisualStudioVersion = 17.9.34728.123
MinimumVisualStudioVersion = 10.0.40219.1
Project("{FAE04EC0-301F-11D3-BF4B-00C04F79EFBC}") = "AddSignatureAsCustomStamp", "AddSignatureAsCustomStamp.csproj", "{8422CE12-E4E0-435B-9CBE-71EAA89C58BA}"
EndProject
Global
	GlobalSection(SolutionConfigurationPlatforms) = preSolution
		Debug|Any CPU = Debug|Any CPU
		Release|Any CPU = Release|Any CPU
	EndGlobalSection
	GlobalSection(ProjectConfigurationPlatforms) = postSolution
		{8422CE12-E4E0-435B-9CBE-71EAA89C58BA}.Debug|Any CPU.ActiveCfg = Debug|Any CPU
		{8422CE12-E4E0-435B-9CBE-71EAA89C58BA}.Debug|Any CPU.Build.0 = Debug|Any CPU
		{8422CE12-E4E0-435B-9CBE-71EAA89C58BA}.Release|Any CPU.ActiveCfg = Release|Any CPU
		{8422CE12-E4E0-435B-9CBE-71EAA89C58BA}.Release|Any CPU.Build.0 = Release|Any CPU
	EndGlobalSection
	GlobalSection(SolutionProperties) = preSolution
		HideSolutionNode = FALSE
	EndGlobalSection
	GlobalSection(ExtensibilityGlobals) = postSolution
		SolutionGuid = {95C1F7A0-3B8B-4F5F-8FAE-A81EEB5273B2}
	EndGlobalSection
EndGlobal
