
Microsoft Visual Studio Solution File, Format Version 12.00
# Visual Studio Version 17
VisualStudioVersion = 17.2.32630.192
MinimumVisualStudioVersion = 10.0.40219.1
Project("{FAE04EC0-301F-11D3-BF4B-00C04F79EFBC}") = "CustomStamps", "CustomStamps.csproj", "{0853B2BA-050D-438C-BEE3-18B7572241B8}"
EndProject
Global
	GlobalSection(SolutionConfigurationPlatforms) = preSolution
		Debug|Any CPU = Debug|Any CPU
		Release|Any CPU = Release|Any CPU
	EndGlobalSection
	GlobalSection(ProjectConfigurationPlatforms) = postSolution
		{0853B2BA-050D-438C-BEE3-18B7572241B8}.Debug|Any CPU.ActiveCfg = Debug|Any CPU
		{0853B2BA-050D-438C-BEE3-18B7572241B8}.Debug|Any CPU.Build.0 = Debug|Any CPU
		{0853B2BA-050D-438C-BEE3-18B7572241B8}.Release|Any CPU.ActiveCfg = Release|Any CPU
		{0853B2BA-050D-438C-BEE3-18B7572241B8}.Release|Any CPU.Build.0 = Release|Any CPU
	EndGlobalSection
	GlobalSection(SolutionProperties) = preSolution
		HideSolutionNode = FALSE
	EndGlobalSection
	GlobalSection(ExtensibilityGlobals) = postSolution
		SolutionGuid = {B7A4CCE1-334F-4761-86FF-7D0DCA0D051B}
	EndGlobalSection
EndGlobal
