
Microsoft Visual Studio Solution File, Format Version 12.00
# Visual Studio Version 17
VisualStudioVersion = 17.5.33103.201
MinimumVisualStudioVersion = 10.0.40219.1
Project("{9A19103F-16F7-4668-BE54-9A1E7A4F7556}") = "open_all_files", "open_all_files.csproj", "{F9CE2834-556F-4402-BF7F-8CD37DB9725C}"
EndProject
Global
	GlobalSection(SolutionConfigurationPlatforms) = preSolution
		Debug|Any CPU = Debug|Any CPU
		Release|Any CPU = Release|Any CPU
	EndGlobalSection
	GlobalSection(ProjectConfigurationPlatforms) = postSolution
		{F9CE2834-556F-4402-BF7F-8CD37DB9725C}.Debug|Any CPU.ActiveCfg = Debug|Any CPU
		{F9CE2834-556F-4402-BF7F-8CD37DB9725C}.Debug|Any CPU.Build.0 = Debug|Any CPU
		{F9CE2834-556F-4402-BF7F-8CD37DB9725C}.Release|Any CPU.ActiveCfg = Release|Any CPU
		{F9CE2834-556F-4402-BF7F-8CD37DB9725C}.Release|Any CPU.Build.0 = Release|Any CPU
	EndGlobalSection
	GlobalSection(SolutionProperties) = preSolution
		HideSolutionNode = FALSE
	EndGlobalSection
	GlobalSection(ExtensibilityGlobals) = postSolution
		SolutionGuid = {67BB94D6-1202-4C59-98DA-9ADA3409D383}
	EndGlobalSection
EndGlobal
