
Microsoft Visual Studio Solution File, Format Version 12.00
# Visual Studio Version 17
VisualStudioVersion = 17.2.32630.192
MinimumVisualStudioVersion = 10.0.40219.1
Project("{FAE04EC0-301F-11D3-BF4B-00C04F79EFBC}") = "LoadPDFusingEmbedTag", "LoadPDFusingEmbedTag.csproj", "{AEFE6498-2BD2-4971-879B-F5B06D92668B}"
EndProject
Global
	GlobalSection(SolutionConfigurationPlatforms) = preSolution
		Debug|Any CPU = Debug|Any CPU
		Release|Any CPU = Release|Any CPU
	EndGlobalSection
	GlobalSection(ProjectConfigurationPlatforms) = postSolution
		{AEFE6498-2BD2-4971-879B-F5B06D92668B}.Debug|Any CPU.ActiveCfg = Debug|Any CPU
		{AEFE6498-2BD2-4971-879B-F5B06D92668B}.Debug|Any CPU.Build.0 = Debug|Any CPU
		{AEFE6498-2BD2-4971-879B-F5B06D92668B}.Release|Any CPU.ActiveCfg = Release|Any CPU
		{AEFE6498-2BD2-4971-879B-F5B06D92668B}.Release|Any CPU.Build.0 = Release|Any CPU
	EndGlobalSection
	GlobalSection(SolutionProperties) = preSolution
		HideSolutionNode = FALSE
	EndGlobalSection
	GlobalSection(ExtensibilityGlobals) = postSolution
		SolutionGuid = {74BA0AD1-88C1-4F11-8918-41484BBFF172}
	EndGlobalSection
EndGlobal
