
Microsoft Visual Studio Solution File, Format Version 12.00
# Visual Studio Version 17
VisualStudioVersion = 17.2.32630.192
MinimumVisualStudioVersion = 10.0.40219.1
Project("{FAE04EC0-301F-11D3-BF4B-00C04F79EFBC}") = "DocumentEditingStatus", "DocumentEditingStatus.csproj", "{00E5B9B9-E1FA-45BC-BE08-C2CA8106BF5B}"
EndProject
Global
	GlobalSection(SolutionConfigurationPlatforms) = preSolution
		Debug|Any CPU = Debug|Any CPU
		Release|Any CPU = Release|Any CPU
	EndGlobalSection
	GlobalSection(ProjectConfigurationPlatforms) = postSolution
		{00E5B9B9-E1FA-45BC-BE08-C2CA8106BF5B}.Debug|Any CPU.ActiveCfg = Debug|Any CPU
		{00E5B9B9-E1FA-45BC-BE08-C2CA8106BF5B}.Debug|Any CPU.Build.0 = Debug|Any CPU
		{00E5B9B9-E1FA-45BC-BE08-C2CA8106BF5B}.Release|Any CPU.ActiveCfg = Release|Any CPU
		{00E5B9B9-E1FA-45BC-BE08-C2CA8106BF5B}.Release|Any CPU.Build.0 = Release|Any CPU
	EndGlobalSection
	GlobalSection(SolutionProperties) = preSolution
		HideSolutionNode = FALSE
	EndGlobalSection
	GlobalSection(ExtensibilityGlobals) = postSolution
		SolutionGuid = {AE4D29E0-C1B9-4C72-9884-DCA54AF6403F}
	EndGlobalSection
EndGlobal
