
Microsoft Visual Studio Solution File, Format Version 12.00
# Visual Studio Version 17
VisualStudioVersion = 17.1.32421.90
MinimumVisualStudioVersion = 10.0.40219.1
Project("{9A19103F-16F7-4668-BE54-9A1E7A4F7556}") = "LoadPDFfromWebService", "Sample_wasm_load\LoadPDFfromWebService.csproj", "{5194D61E-5D1E-4F3E-80D8-DFA1A03C8BB2}"
EndProject
Global
	GlobalSection(SolutionConfigurationPlatforms) = preSolution
		Debug|Any CPU = Debug|Any CPU
		Release|Any CPU = Release|Any CPU
	EndGlobalSection
	GlobalSection(ProjectConfigurationPlatforms) = postSolution
		{5194D61E-5D1E-4F3E-80D8-DFA1A03C8BB2}.Debug|Any CPU.ActiveCfg = Debug|Any CPU
		{5194D61E-5D1E-4F3E-80D8-DFA1A03C8BB2}.Debug|Any CPU.Build.0 = Debug|Any CPU
		{5194D61E-5D1E-4F3E-80D8-DFA1A03C8BB2}.Release|Any CPU.ActiveCfg = Release|Any CPU
		{5194D61E-5D1E-4F3E-80D8-DFA1A03C8BB2}.Release|Any CPU.Build.0 = Release|Any CPU
	EndGlobalSection
	GlobalSection(SolutionProperties) = preSolution
		HideSolutionNode = FALSE
	EndGlobalSection
	GlobalSection(ExtensibilityGlobals) = postSolution
		SolutionGuid = {0AE958E4-BAA2-42D7-BF51-891BA54F27C4}
	EndGlobalSection
EndGlobal
