Microsoft Visual Studio Solution File, Format Version 12.00
# Visual Studio Version 17
VisualStudioVersion = 17.5.2.0
MinimumVisualStudioVersion = 10.0.40219.1
Project("{FAE04EC0-301F-11D3-BF4B-00C04F79EFBC}") = "Show_or_hide_comment_panel", "Show_or_hide_comment_panel.csproj", "{D62D9F28-0878-BC4F-6B90-17920E3BB6E3}"
EndProject
Global
	GlobalSection(SolutionConfigurationPlatforms) = preSolution
		Debug|Any CPU = Debug|Any CPU
		Release|Any CPU = Release|Any CPU
	EndGlobalSection
	GlobalSection(ProjectConfigurationPlatforms) = postSolution
		{D62D9F28-0878-BC4F-6B90-17920E3BB6E3}.Debug|Any CPU.ActiveCfg = Debug|Any CPU
		{D62D9F28-0878-BC4F-6B90-17920E3BB6E3}.Debug|Any CPU.Build.0 = Debug|Any CPU
		{D62D9F28-0878-BC4F-6B90-17920E3BB6E3}.Release|Any CPU.ActiveCfg = Release|Any CPU
		{D62D9F28-0878-BC4F-6B90-17920E3BB6E3}.Release|Any CPU.Build.0 = Release|Any CPU
	EndGlobalSection
	GlobalSection(SolutionProperties) = preSolution
		HideSolutionNode = FALSE
	EndGlobalSection
	GlobalSection(ExtensibilityGlobals) = postSolution
		SolutionGuid = {7BC4B8B8-CE0E-49CF-AD31-2E17195BDF00}
	EndGlobalSection
EndGlobal
