
Microsoft Visual Studio Solution File, Format Version 12.00
# Visual Studio Version 17
VisualStudioVersion = 17.2.32630.192
MinimumVisualStudioVersion = 10.0.40219.1
Project("{9A19103F-16F7-4668-BE54-9A1E7A4F7556}") = "Load_a_PDF_file_using_local_service", "Load_a_PDF_file_using_local_service.csproj", "{E3EEDEFE-0103-4475-A6D7-F24AA1F776A9}"
EndProject
Global
	GlobalSection(SolutionConfigurationPlatforms) = preSolution
		Debug|Any CPU = Debug|Any CPU
		Release|Any CPU = Release|Any CPU
	EndGlobalSection
	GlobalSection(ProjectConfigurationPlatforms) = postSolution
		{E3EEDEFE-0103-4475-A6D7-F24AA1F776A9}.Debug|Any CPU.ActiveCfg = Debug|Any CPU
		{E3EEDEFE-0103-4475-A6D7-F24AA1F776A9}.Debug|Any CPU.Build.0 = Debug|Any CPU
		{E3EEDEFE-0103-4475-A6D7-F24AA1F776A9}.Release|Any CPU.ActiveCfg = Release|Any CPU
		{E3EEDEFE-0103-4475-A6D7-F24AA1F776A9}.Release|Any CPU.Build.0 = Release|Any CPU
	EndGlobalSection
	GlobalSection(SolutionProperties) = preSolution
		HideSolutionNode = FALSE
	EndGlobalSection
	GlobalSection(ExtensibilityGlobals) = postSolution
		SolutionGuid = {8B7E0A46-8FB7-41D8-BFC0-72634300C468}
	EndGlobalSection
EndGlobal
