
Microsoft Visual Studio Solution File, Format Version 12.00
# Visual Studio Version 17
VisualStudioVersion = 17.14.36408.4 d17.14
MinimumVisualStudioVersion = 10.0.40219.1
Project("{FAE04EC0-301F-11D3-BF4B-00C04F79EFBC}") = "Custom Font Support For FormFields", "Custom Font Support For FormFields.csproj", "{F26E5A44-2788-4FD3-BF94-638C7936EAF2}"
EndProject
Global
	GlobalSection(SolutionConfigurationPlatforms) = preSolution
		Debug|Any CPU = Debug|Any CPU
		Release|Any CPU = Release|Any CPU
	EndGlobalSection
	GlobalSection(ProjectConfigurationPlatforms) = postSolution
		{F26E5A44-2788-4FD3-BF94-638C7936EAF2}.Debug|Any CPU.ActiveCfg = Debug|Any CPU
		{F26E5A44-2788-4FD3-BF94-638C7936EAF2}.Debug|Any CPU.Build.0 = Debug|Any CPU
		{F26E5A44-2788-4FD3-BF94-638C7936EAF2}.Release|Any CPU.ActiveCfg = Release|Any CPU
		{F26E5A44-2788-4FD3-BF94-638C7936EAF2}.Release|Any CPU.Build.0 = Release|Any CPU
	EndGlobalSection
	GlobalSection(SolutionProperties) = preSolution
		HideSolutionNode = FALSE
	EndGlobalSection
	GlobalSection(ExtensibilityGlobals) = postSolution
		SolutionGuid = {1180B01D-44F0-48EA-9555-BDCC8DF5B982}
	EndGlobalSection
EndGlobal
